// !$*UTF8*$!
{
	archiveVersion = 1;
	classes = {
	};
	objectVersion = 56;
	objects = {

/* Begin PBXBuildFile section */
		344242782D55FE190081B948 /* SLColorManager.m in Sources */ = {isa = PBXBuildFile; fileRef = 344242772D55FE190081B948 /* SLColorManager.m */; };
		345C0AA22DAA287B005FCCDB /* UIView+Associated.m in Sources */ = {isa = PBXBuildFile; fileRef = 345C0AA12DAA287B005FCCDB /* UIView+Associated.m */; };
		345C11E12DABD7BF005FCCDB /* UIFont+PingFang.m in Sources */ = {isa = PBXBuildFile; fileRef = 345C11E02DABD7BF005FCCDB /* UIFont+PingFang.m */; };
		345C121B2DAC95AB005FCCDB /* QAlertViewController.swift in Sources */ = {isa = PBXBuildFile; fileRef = 345C11EA2DAC95AB005FCCDB /* QAlertViewController.swift */; };
		345C121C2DAC95AB005FCCDB /* QTableViewHelper.swift in Sources */ = {isa = PBXBuildFile; fileRef = 345C11F42DAC95AB005FCCDB /* QTableViewHelper.swift */; };
		345C121D2DAC95AB005FCCDB /* QuicklyCollectionView.swift in Sources */ = {isa = PBXBuildFile; fileRef = 345C11FB2DAC95AB005FCCDB /* QuicklyCollectionView.swift */; };
		345C121E2DAC95AB005FCCDB /* QuicklyLocationManager.swift in Sources */ = {isa = PBXBuildFile; fileRef = 345C12052DAC95AB005FCCDB /* QuicklyLocationManager.swift */; };
		345C121F2DAC95AB005FCCDB /* QuicklyConstant.swift in Sources */ = {isa = PBXBuildFile; fileRef = 345C11FD2DAC95AB005FCCDB /* QuicklyConstant.swift */; };
		345C12202DAC95AB005FCCDB /* QuicklyFileBrowser.swift in Sources */ = {isa = PBXBuildFile; fileRef = 345C12002DAC95AB005FCCDB /* QuicklyFileBrowser.swift */; };
		345C12212DAC95AB005FCCDB /* QuicklyPHAsset.swift in Sources */ = {isa = PBXBuildFile; fileRef = 345C120A2DAC95AB005FCCDB /* QuicklyPHAsset.swift */; };
		345C12222DAC95AB005FCCDB /* QuicklyView.swift in Sources */ = {isa = PBXBuildFile; fileRef = 345C12152DAC95AB005FCCDB /* QuicklyView.swift */; };
		345C12232DAC95AB005FCCDB /* QuicklyHelper.swift in Sources */ = {isa = PBXBuildFile; fileRef = 345C12012DAC95AB005FCCDB /* QuicklyHelper.swift */; };
		345C12242DAC95AB005FCCDB /* QDatePicker.swift in Sources */ = {isa = PBXBuildFile; fileRef = 345C11EC2DAC95AB005FCCDB /* QDatePicker.swift */; };
		345C12252DAC95AB005FCCDB /* QPublish.swift in Sources */ = {isa = PBXBuildFile; fileRef = 345C11F12DAC95AB005FCCDB /* QPublish.swift */; };
		345C12262DAC95AB005FCCDB /* QGestureRecognizer.swift in Sources */ = {isa = PBXBuildFile; fileRef = 345C11EE2DAC95AB005FCCDB /* QGestureRecognizer.swift */; };
		345C12272DAC95AB005FCCDB /* QuicklyUIControl.swift in Sources */ = {isa = PBXBuildFile; fileRef = 345C12142DAC95AB005FCCDB /* QuicklyUIControl.swift */; };
		345C12282DAC95AB005FCCDB /* QuicklyNumber.swift in Sources */ = {isa = PBXBuildFile; fileRef = 345C12082DAC95AB005FCCDB /* QuicklyNumber.swift */; };
		345C12292DAC95AB005FCCDB /* QuicklyScrollView.swift in Sources */ = {isa = PBXBuildFile; fileRef = 345C120C2DAC95AB005FCCDB /* QuicklyScrollView.swift */; };
		345C122A2DAC95AB005FCCDB /* QuicklyDate.swift in Sources */ = {isa = PBXBuildFile; fileRef = 345C11FE2DAC95AB005FCCDB /* QuicklyDate.swift */; };
		345C122B2DAC95AB005FCCDB /* QuicklyTextView.swift in Sources */ = {isa = PBXBuildFile; fileRef = 345C12122DAC95AB005FCCDB /* QuicklyTextView.swift */; };
		345C122C2DAC95AB005FCCDB /* QuicklyViewController.swift in Sources */ = {isa = PBXBuildFile; fileRef = 345C12172DAC95AB005FCCDB /* QuicklyViewController.swift */; };
		345C122D2DAC95AB005FCCDB /* QuicklyImage.swift in Sources */ = {isa = PBXBuildFile; fileRef = 345C12022DAC95AB005FCCDB /* QuicklyImage.swift */; };
		345C122E2DAC95AB005FCCDB /* QuicklyAlertController.swift in Sources */ = {isa = PBXBuildFile; fileRef = 345C11F52DAC95AB005FCCDB /* QuicklyAlertController.swift */; };
		345C122F2DAC95AB005FCCDB /* QGrayFloatManager.swift in Sources */ = {isa = PBXBuildFile; fileRef = 345C11EF2DAC95AB005FCCDB /* QGrayFloatManager.swift */; };
		345C12302DAC95AB005FCCDB /* QuicklyAppFrame.swift in Sources */ = {isa = PBXBuildFile; fileRef = 345C11F62DAC95AB005FCCDB /* QuicklyAppFrame.swift */; };
		345C12312DAC95AB005FCCDB /* QuicklyObject.swift in Sources */ = {isa = PBXBuildFile; fileRef = 345C12092DAC95AB005FCCDB /* QuicklyObject.swift */; };
		345C12322DAC95AB005FCCDB /* QuicklyStackView.swift in Sources */ = {isa = PBXBuildFile; fileRef = 345C120D2DAC95AB005FCCDB /* QuicklyStackView.swift */; };
		345C12332DAC95AB005FCCDB /* QuicklyCALayer.swift in Sources */ = {isa = PBXBuildFile; fileRef = 345C11FA2DAC95AB005FCCDB /* QuicklyCALayer.swift */; };
		345C12342DAC95AB005FCCDB /* QCollectionViewHelper.swift in Sources */ = {isa = PBXBuildFile; fileRef = 345C11EB2DAC95AB005FCCDB /* QCollectionViewHelper.swift */; };
		345C12352DAC95AB005FCCDB /* QuicklyNotification.swift in Sources */ = {isa = PBXBuildFile; fileRef = 345C12062DAC95AB005FCCDB /* QuicklyNotification.swift */; };
		345C12362DAC95AB005FCCDB /* QPlayer.swift in Sources */ = {isa = PBXBuildFile; fileRef = 345C11F02DAC95AB005FCCDB /* QPlayer.swift */; };
		345C12372DAC95AB005FCCDB /* QuicklyLabel.swift in Sources */ = {isa = PBXBuildFile; fileRef = 345C12042DAC95AB005FCCDB /* QuicklyLabel.swift */; };
		345C12382DAC95AB005FCCDB /* QuicklyViewControllerAnimation.swift in Sources */ = {isa = PBXBuildFile; fileRef = 345C12182DAC95AB005FCCDB /* QuicklyViewControllerAnimation.swift */; };
		345C12392DAC95AB005FCCDB /* QuicklyArray.swift in Sources */ = {isa = PBXBuildFile; fileRef = 345C11F72DAC95AB005FCCDB /* QuicklyArray.swift */; };
		345C123A2DAC95AB005FCCDB /* QDispatch.swift in Sources */ = {isa = PBXBuildFile; fileRef = 345C11ED2DAC95AB005FCCDB /* QDispatch.swift */; };
		345C123B2DAC95AB005FCCDB /* QuicklyAuthorization.swift in Sources */ = {isa = PBXBuildFile; fileRef = 345C11F82DAC95AB005FCCDB /* QuicklyAuthorization.swift */; };
		345C123C2DAC95AB005FCCDB /* QuicklyButton.swift in Sources */ = {isa = PBXBuildFile; fileRef = 345C11F92DAC95AB005FCCDB /* QuicklyButton.swift */; };
		345C123D2DAC95AB005FCCDB /* QuicklyString.swift in Sources */ = {isa = PBXBuildFile; fileRef = 345C120E2DAC95AB005FCCDB /* QuicklyString.swift */; };
		345C123E2DAC95AB005FCCDB /* QSwitch.swift in Sources */ = {isa = PBXBuildFile; fileRef = 345C11F32DAC95AB005FCCDB /* QSwitch.swift */; };
		345C123F2DAC95AB005FCCDB /* QuicklyTimer.swift in Sources */ = {isa = PBXBuildFile; fileRef = 345C12132DAC95AB005FCCDB /* QuicklyTimer.swift */; };
		345C12402DAC95AB005FCCDB /* QActionSheetController.swift in Sources */ = {isa = PBXBuildFile; fileRef = 345C11E92DAC95AB005FCCDB /* QActionSheetController.swift */; };
		345C12412DAC95AB005FCCDB /* QuicklyFile.swift in Sources */ = {isa = PBXBuildFile; fileRef = 345C11FF2DAC95AB005FCCDB /* QuicklyFile.swift */; };
		345C12422DAC95AB005FCCDB /* QuicklyColor.swift in Sources */ = {isa = PBXBuildFile; fileRef = 345C11FC2DAC95AB005FCCDB /* QuicklyColor.swift */; };
		345C12432DAC95AB005FCCDB /* QuicklyPopmenu.swift in Sources */ = {isa = PBXBuildFile; fileRef = 345C120B2DAC95AB005FCCDB /* QuicklyPopmenu.swift */; };
		345C12442DAC95AB005FCCDB /* QuicklyNSAttributedString.swift in Sources */ = {isa = PBXBuildFile; fileRef = 345C12072DAC95AB005FCCDB /* QuicklyNSAttributedString.swift */; };
		345C12452DAC95AB005FCCDB /* QuicklyTextField.swift in Sources */ = {isa = PBXBuildFile; fileRef = 345C12112DAC95AB005FCCDB /* QuicklyTextField.swift */; };
		345C12462DAC95AB005FCCDB /* QuicklyImageView.swift in Sources */ = {isa = PBXBuildFile; fileRef = 345C12032DAC95AB005FCCDB /* QuicklyImageView.swift */; };
		345C12472DAC95AB005FCCDB /* QuicklyTableView.swift in Sources */ = {isa = PBXBuildFile; fileRef = 345C12102DAC95AB005FCCDB /* QuicklyTableView.swift */; };
		345C12482DAC95AB005FCCDB /* QSlider.swift in Sources */ = {isa = PBXBuildFile; fileRef = 345C11F22DAC95AB005FCCDB /* QSlider.swift */; };
		345C12492DAC95AB005FCCDB /* QuicklySwift.swift in Sources */ = {isa = PBXBuildFile; fileRef = 345C120F2DAC95AB005FCCDB /* QuicklySwift.swift */; };
		345C124A2DAC95AB005FCCDB /* QuicklyViewAnimation.swift in Sources */ = {isa = PBXBuildFile; fileRef = 345C12162DAC95AB005FCCDB /* QuicklyViewAnimation.swift */; };
		345C18A92DADEF36005FCCDB /* SLCustomAlertView.m in Sources */ = {isa = PBXBuildFile; fileRef = 345C18A82DADEF36005FCCDB /* SLCustomAlertView.m */; };
		3486060C2DD9B96A00040009 /* SLAddLinkViewController.m in Sources */ = {isa = PBXBuildFile; fileRef = 3486060B2DD9B96A00040009 /* SLAddLinkViewController.m */; };
		348628F42DB358AB00CB341C /* NSObject+SLEmpty.m in Sources */ = {isa = PBXBuildFile; fileRef = 348628F32DB358AA00CB341C /* NSObject+SLEmpty.m */; };
		348628F72DB3CCB600CB341C /* UIView+SLToast.m in Sources */ = {isa = PBXBuildFile; fileRef = 348628F62DB3CCB600CB341C /* UIView+SLToast.m */; };
		3486EBC22D1D3C2700A55258 /* SLNavigationController.m in Sources */ = {isa = PBXBuildFile; fileRef = 3486EBC12D1D3C2700A55258 /* SLNavigationController.m */; };
		349A12012EF8E7B50000402E /* SLUser.m in Sources */ = {isa = PBXBuildFile; fileRef = 349A12002EF8E7B50000402E /* SLUser.m */; };
		349A12042EF8E7FA0000402E /* SLUserEntity.m in Sources */ = {isa = PBXBuildFile; fileRef = 349A12032EF8E7FA0000402E /* SLUserEntity.m */; };
		349A12082EF8E88B0000402E /* SLHomeTagView.m in Sources */ = {isa = PBXBuildFile; fileRef = 349A12072EF8E88B0000402E /* SLHomeTagView.m */; };
		349A120F2EF8EA6A0000402E /* SLHomePageViewModel.m in Sources */ = {isa = PBXBuildFile; fileRef = 349A120E2EF8EA6A0000402E /* SLHomePageViewModel.m */; };
		34A0711C2D732FBC006BC583 /* SLAlertManager.m in Sources */ = {isa = PBXBuildFile; fileRef = 34A0711B2D732FBC006BC583 /* SLAlertManager.m */; };
		34A951522DB121B500579CC6 /* SLCommentInputViewController.m in Sources */ = {isa = PBXBuildFile; fileRef = 34A951512DB121B500579CC6 /* SLCommentInputViewController.m */; };
		34D2EB992D3941DE0067CC05 /* TZImagePickerController.bundle in Resources */ = {isa = PBXBuildFile; fileRef = 34D2EB832D3941DE0067CC05 /* TZImagePickerController.bundle */; };
		34D2EB9A2D3941DE0067CC05 /* TZImageManager.m in Sources */ = {isa = PBXBuildFile; fileRef = 34D2EB812D3941DE0067CC05 /* TZImageManager.m */; };
		34D2EB9B2D3941DE0067CC05 /* TZAssetCell.m in Sources */ = {isa = PBXBuildFile; fileRef = 34D2EB772D3941DE0067CC05 /* TZAssetCell.m */; };
		34D2EB9C2D3941DE0067CC05 /* TZVideoCropController.m in Sources */ = {isa = PBXBuildFile; fileRef = 34D2EB902D3941DE0067CC05 /* TZVideoCropController.m */; };
		34D2EB9D2D3941DE0067CC05 /* TZPhotoPickerController.m in Sources */ = {isa = PBXBuildFile; fileRef = 34D2EB882D3941DE0067CC05 /* TZPhotoPickerController.m */; };
		34D2EB9E2D3941DE0067CC05 /* TZAuthLimitedFooterTipView.m in Sources */ = {isa = PBXBuildFile; fileRef = 34D2EB7B2D3941DE0067CC05 /* TZAuthLimitedFooterTipView.m */; };
		34D2EB9F2D3941DE0067CC05 /* TZImagePickerController.m in Sources */ = {isa = PBXBuildFile; fileRef = 34D2EB842D3941DE0067CC05 /* TZImagePickerController.m */; };
		34D2EBA02D3941DE0067CC05 /* UIView+TZLayout.m in Sources */ = {isa = PBXBuildFile; fileRef = 34D2EB962D3941DE0067CC05 /* UIView+TZLayout.m */; };
		34D2EBA12D3941DE0067CC05 /* TZPhotoPreviewCell.m in Sources */ = {isa = PBXBuildFile; fileRef = 34D2EB8A2D3941DE0067CC05 /* TZPhotoPreviewCell.m */; };
		34D2EBA22D3941DE0067CC05 /* TZVideoPlayerController.m in Sources */ = {isa = PBXBuildFile; fileRef = 34D2EB942D3941DE0067CC05 /* TZVideoPlayerController.m */; };
		34D2EBA32D3941DE0067CC05 /* TZAssetModel.m in Sources */ = {isa = PBXBuildFile; fileRef = 34D2EB792D3941DE0067CC05 /* TZAssetModel.m */; };
		34D2EBA42D3941DE0067CC05 /* TZImageRequestOperation.m in Sources */ = {isa = PBXBuildFile; fileRef = 34D2EB862D3941DE0067CC05 /* TZImageRequestOperation.m */; };
		34D2EBA52D3941DE0067CC05 /* TZLocationManager.m in Sources */ = {isa = PBXBuildFile; fileRef = 34D2EB722D3941DE0067CC05 /* TZLocationManager.m */; };
		34D2EBA62D3941DE0067CC05 /* TZVideoEditedPreviewController.m in Sources */ = {isa = PBXBuildFile; fileRef = 34D2EB922D3941DE0067CC05 /* TZVideoEditedPreviewController.m */; };
		34D2EBA72D3941DE0067CC05 /* TZPhotoPreviewController.m in Sources */ = {isa = PBXBuildFile; fileRef = 34D2EB8C2D3941DE0067CC05 /* TZPhotoPreviewController.m */; };
		34D2EBA82D3941DE0067CC05 /* NSBundle+TZImagePicker.m in Sources */ = {isa = PBXBuildFile; fileRef = 34D2EB752D3941DE0067CC05 /* NSBundle+TZImagePicker.m */; };
		34D2EBA92D3941DE0067CC05 /* TZImageCropManager.m in Sources */ = {isa = PBXBuildFile; fileRef = 34D2EB7F2D3941DE0067CC05 /* TZImageCropManager.m */; };
		34D2EBAA2D3941DE0067CC05 /* TZGifPhotoPreviewController.m in Sources */ = {isa = PBXBuildFile; fileRef = 34D2EB7D2D3941DE0067CC05 /* TZGifPhotoPreviewController.m */; };
		34D2EBAB2D3941DE0067CC05 /* TZProgressView.m in Sources */ = {isa = PBXBuildFile; fileRef = 34D2EB8E2D3941DE0067CC05 /* TZProgressView.m */; };
		34D2EBC02D3942880067CC05 /* RZRichTextView.bundle in Resources */ = {isa = PBXBuildFile; fileRef = 34D2EBAC2D3942880067CC05 /* RZRichTextView.bundle */; };
		34D2EBC12D3942880067CC05 /* RZRichTextBase.swift in Sources */ = {isa = PBXBuildFile; fileRef = 34D2EBBA2D3942880067CC05 /* RZRichTextBase.swift */; };
		34D2EBC22D3942880067CC05 /* AttributedStringRich.swift in Sources */ = {isa = PBXBuildFile; fileRef = 34D2EBAE2D3942880067CC05 /* AttributedStringRich.swift */; };
		34D2EBC32D3942880067CC05 /* RZRichTextViewModel.swift in Sources */ = {isa = PBXBuildFile; fileRef = 34D2EBBD2D3942880067CC05 /* RZRichTextViewModel.swift */; };
		34D2EBC42D3942880067CC05 /* RZLinkInputViewController.swift in Sources */ = {isa = PBXBuildFile; fileRef = 34D2EBB62D3942880067CC05 /* RZLinkInputViewController.swift */; };
		34D2EBC52D3942880067CC05 /* RZInputAccessoryItem.swift in Sources */ = {isa = PBXBuildFile; fileRef = 34D2EBB42D3942880067CC05 /* RZInputAccessoryItem.swift */; };
		34D2EBC62D3942880067CC05 /* RZAttachmentInfo.swift in Sources */ = {isa = PBXBuildFile; fileRef = 34D2EBB02D3942880067CC05 /* RZAttachmentInfo.swift */; };
		34D2EBC72D3942880067CC05 /* RZInputAccessoryView.swift in Sources */ = {isa = PBXBuildFile; fileRef = 34D2EBB52D3942880067CC05 /* RZInputAccessoryView.swift */; };
		34D2EBC82D3942880067CC05 /* RZCss.swift in Sources */ = {isa = PBXBuildFile; fileRef = 34D2EBB22D3942880067CC05 /* RZCss.swift */; };
		34D2EBC92D3942880067CC05 /* RZRichTextViewConfigure.swift in Sources */ = {isa = PBXBuildFile; fileRef = 34D2EBBC2D3942880067CC05 /* RZRichTextViewConfigure.swift */; };
		34D2EBCA2D3942880067CC05 /* RZRichTextView.swift in Sources */ = {isa = PBXBuildFile; fileRef = 34D2EBBB2D3942880067CC05 /* RZRichTextView.swift */; };
		34D2EBCB2D3942880067CC05 /* RZRichTableStyleView.swift in Sources */ = {isa = PBXBuildFile; fileRef = 34D2EBB92D3942880067CC05 /* RZRichTableStyleView.swift */; };
		34D2EBCC2D3942880067CC05 /* RZAttachmentInfoLayerView.swift in Sources */ = {isa = PBXBuildFile; fileRef = 34D2EBB12D3942880067CC05 /* RZAttachmentInfoLayerView.swift */; };
		34D2EBCD2D3942880067CC05 /* RZRichParagraphStyleView.swift in Sources */ = {isa = PBXBuildFile; fileRef = 34D2EBB82D3942880067CC05 /* RZRichParagraphStyleView.swift */; };
		34D2EBCE2D3942880067CC05 /* LabelRZRich.swift in Sources */ = {isa = PBXBuildFile; fileRef = 34D2EBAF2D3942880067CC05 /* LabelRZRich.swift */; };
		34D2EBCF2D3942880067CC05 /* RZRichFontStyleView.swift in Sources */ = {isa = PBXBuildFile; fileRef = 34D2EBB72D3942880067CC05 /* RZRichFontStyleView.swift */; };
		34D2EBD02D3942880067CC05 /* RZHtml.swift in Sources */ = {isa = PBXBuildFile; fileRef = 34D2EBB32D3942880067CC05 /* RZHtml.swift */; };
		34D2EBD62D3943660067CC05 /* SLRecordViewController.m in Sources */ = {isa = PBXBuildFile; fileRef = 34D2EBD52D3943660067CC05 /* SLRecordViewController.m */; };
		34D2EBD82D394A8B0067CC05 /* HowToUseDemo.swift in Sources */ = {isa = PBXBuildFile; fileRef = 34D2EBD72D394A8B0067CC05 /* HowToUseDemo.swift */; };
		34D2EBDE2D3A01410067CC05 /* SLRecordViewModel.m in Sources */ = {isa = PBXBuildFile; fileRef = 34D2EBDD2D3A01410067CC05 /* SLRecordViewModel.m */; };
		703F132D482FE46A6379243D /* libPods-digg.a in Frameworks */ = {isa = PBXBuildFile; fileRef = E828F1163A81AA53E358E2FB /* libPods-digg.a */; };
		E76A45B92CB8C06F008B2746 /* CaocaoButton.m in Sources */ = {isa = PBXBuildFile; fileRef = E76A45B82CB8C06F008B2746 /* CaocaoButton.m */; };
		E76A45BC2CB8C08D008B2746 /* UIView+CommonKit.m in Sources */ = {isa = PBXBuildFile; fileRef = E76A45BB2CB8C08D008B2746 /* UIView+CommonKit.m */; };
		E76A45CC2CB93827008B2746 /* CaocaoRefreshCircleView.m in Sources */ = {isa = PBXBuildFile; fileRef = E76A45C72CB93827008B2746 /* CaocaoRefreshCircleView.m */; };
		E76A45CD2CB93827008B2746 /* CaocaoRefreshFooter.m in Sources */ = {isa = PBXBuildFile; fileRef = E76A45C92CB93827008B2746 /* CaocaoRefreshFooter.m */; };
		E76A45CE2CB93827008B2746 /* CaocaoRefreshHeader.m in Sources */ = {isa = PBXBuildFile; fileRef = E76A45CB2CB93827008B2746 /* CaocaoRefreshHeader.m */; };
		E76A45E82CBFB994008B2746 /* CaocaoRootViewController.m in Sources */ = {isa = PBXBuildFile; fileRef = E76A45E72CBFB994008B2746 /* CaocaoRootViewController.m */; };
		E76A45EB2CBFB9AB008B2746 /* CaocaoLoadDataDefaultView.m in Sources */ = {isa = PBXBuildFile; fileRef = E76A45EA2CBFB9AB008B2746 /* CaocaoLoadDataDefaultView.m */; };
		E7769E5B2CA2E63A00AE84F4 /* AppDelegate.m in Sources */ = {isa = PBXBuildFile; fileRef = E7769E5A2CA2E63A00AE84F4 /* AppDelegate.m */; };
		E7769E662CA2E63B00AE84F4 /* Assets.xcassets in Resources */ = {isa = PBXBuildFile; fileRef = E7769E652CA2E63B00AE84F4 /* Assets.xcassets */; };
		E7769E692CA2E63B00AE84F4 /* Base in Resources */ = {isa = PBXBuildFile; fileRef = E7769E682CA2E63B00AE84F4 /* Base */; };
		E7769E6C2CA2E63B00AE84F4 /* main.m in Sources */ = {isa = PBXBuildFile; fileRef = E7769E6B2CA2E63B00AE84F4 /* main.m */; };
		E7769E902CA2E9A000AE84F4 /* SLHomePageViewController.m in Sources */ = {isa = PBXBuildFile; fileRef = E7769E8F2CA2E9A000AE84F4 /* SLHomePageViewController.m */; };
		E7769EA62CB181A800AE84F4 /* SLTabbarController.m in Sources */ = {isa = PBXBuildFile; fileRef = E7769EA52CB181A800AE84F4 /* SLTabbarController.m */; };
		E7769EA92CB1A10900AE84F4 /* Main.storyboard in Resources */ = {isa = PBXBuildFile; fileRef = E7769EA72CB1A10900AE84F4 /* Main.storyboard */; };
		E7769EC02CB798F800AE84F4 /* SLWebViewController.m in Sources */ = {isa = PBXBuildFile; fileRef = E7769EBF2CB798F800AE84F4 /* SLWebViewController.m */; };
		E7A3B6E92CC0AB6F00BB7304 /* UIImage+CommonKit.m in Sources */ = {isa = PBXBuildFile; fileRef = E7A3B6E82CC0AB6F00BB7304 /* UIImage+CommonKit.m */; };
		E7C137E32CF31F2A00C5053A /* SLHomeWebViewController.m in Sources */ = {isa = PBXBuildFile; fileRef = E7C137E22CF31F2A00C5053A /* SLHomeWebViewController.m */; };
		E7C405712CC0B325004D90CD /* NSString+UXing.m in Sources */ = {isa = PBXBuildFile; fileRef = E7C405702CC0B325004D90CD /* NSString+UXing.m */; };
		E7EB1C672CFC702500A74D43 /* SystemConfiguration.framework in Frameworks */ = {isa = PBXBuildFile; fileRef = E7EB1C662CFC702500A74D43 /* SystemConfiguration.framework */; };
		E7EB1C692CFC702B00A74D43 /* Security.framework in Frameworks */ = {isa = PBXBuildFile; fileRef = E7EB1C682CFC702B00A74D43 /* Security.framework */; };
		E7EB1C6B2CFC703A00A74D43 /* libz.tbd in Frameworks */ = {isa = PBXBuildFile; fileRef = E7EB1C6A2CFC703A00A74D43 /* libz.tbd */; };
		E7EB1C6D2CFC704500A74D43 /* libc++.tbd in Frameworks */ = {isa = PBXBuildFile; fileRef = E7EB1C6C2CFC704500A74D43 /* libc++.tbd */; };
/* End PBXBuildFile section */

/* Begin PBXFileReference section */
		344242762D55FE190081B948 /* SLColorManager.h */ = {isa = PBXFileReference; lastKnownFileType = sourcecode.c.h; path = SLColorManager.h; sourceTree = "<group>"; };
		344242772D55FE190081B948 /* SLColorManager.m */ = {isa = PBXFileReference; lastKnownFileType = sourcecode.c.objc; path = SLColorManager.m; sourceTree = "<group>"; };
		345C0AA02DAA287B005FCCDB /* UIView+Associated.h */ = {isa = PBXFileReference; lastKnownFileType = sourcecode.c.h; path = "UIView+Associated.h"; sourceTree = "<group>"; };
		345C0AA12DAA287B005FCCDB /* UIView+Associated.m */ = {isa = PBXFileReference; lastKnownFileType = sourcecode.c.objc; path = "UIView+Associated.m"; sourceTree = "<group>"; };
		345C11DF2DABD7BF005FCCDB /* UIFont+PingFang.h */ = {isa = PBXFileReference; lastKnownFileType = sourcecode.c.h; path = "UIFont+PingFang.h"; sourceTree = "<group>"; };
		345C11E02DABD7BF005FCCDB /* UIFont+PingFang.m */ = {isa = PBXFileReference; lastKnownFileType = sourcecode.c.objc; path = "UIFont+PingFang.m"; sourceTree = "<group>"; };
		345C11E92DAC95AB005FCCDB /* QActionSheetController.swift */ = {isa = PBXFileReference; lastKnownFileType = sourcecode.swift; path = QActionSheetController.swift; sourceTree = "<group>"; };
		345C11EA2DAC95AB005FCCDB /* QAlertViewController.swift */ = {isa = PBXFileReference; lastKnownFileType = sourcecode.swift; path = QAlertViewController.swift; sourceTree = "<group>"; };
		345C11EB2DAC95AB005FCCDB /* QCollectionViewHelper.swift */ = {isa = PBXFileReference; lastKnownFileType = sourcecode.swift; path = QCollectionViewHelper.swift; sourceTree = "<group>"; };
		345C11EC2DAC95AB005FCCDB /* QDatePicker.swift */ = {isa = PBXFileReference; lastKnownFileType = sourcecode.swift; path = QDatePicker.swift; sourceTree = "<group>"; };
		345C11ED2DAC95AB005FCCDB /* QDispatch.swift */ = {isa = PBXFileReference; lastKnownFileType = sourcecode.swift; path = QDispatch.swift; sourceTree = "<group>"; };
		345C11EE2DAC95AB005FCCDB /* QGestureRecognizer.swift */ = {isa = PBXFileReference; lastKnownFileType = sourcecode.swift; path = QGestureRecognizer.swift; sourceTree = "<group>"; };
		345C11EF2DAC95AB005FCCDB /* QGrayFloatManager.swift */ = {isa = PBXFileReference; lastKnownFileType = sourcecode.swift; path = QGrayFloatManager.swift; sourceTree = "<group>"; };
		345C11F02DAC95AB005FCCDB /* QPlayer.swift */ = {isa = PBXFileReference; lastKnownFileType = sourcecode.swift; path = QPlayer.swift; sourceTree = "<group>"; };
		345C11F12DAC95AB005FCCDB /* QPublish.swift */ = {isa = PBXFileReference; lastKnownFileType = sourcecode.swift; path = QPublish.swift; sourceTree = "<group>"; };
		345C11F22DAC95AB005FCCDB /* QSlider.swift */ = {isa = PBXFileReference; lastKnownFileType = sourcecode.swift; path = QSlider.swift; sourceTree = "<group>"; };
		345C11F32DAC95AB005FCCDB /* QSwitch.swift */ = {isa = PBXFileReference; lastKnownFileType = sourcecode.swift; path = QSwitch.swift; sourceTree = "<group>"; };
		345C11F42DAC95AB005FCCDB /* QTableViewHelper.swift */ = {isa = PBXFileReference; lastKnownFileType = sourcecode.swift; path = QTableViewHelper.swift; sourceTree = "<group>"; };
		345C11F52DAC95AB005FCCDB /* QuicklyAlertController.swift */ = {isa = PBXFileReference; lastKnownFileType = sourcecode.swift; path = QuicklyAlertController.swift; sourceTree = "<group>"; };
		345C11F62DAC95AB005FCCDB /* QuicklyAppFrame.swift */ = {isa = PBXFileReference; lastKnownFileType = sourcecode.swift; path = QuicklyAppFrame.swift; sourceTree = "<group>"; };
		345C11F72DAC95AB005FCCDB /* QuicklyArray.swift */ = {isa = PBXFileReference; lastKnownFileType = sourcecode.swift; path = QuicklyArray.swift; sourceTree = "<group>"; };
		345C11F82DAC95AB005FCCDB /* QuicklyAuthorization.swift */ = {isa = PBXFileReference; lastKnownFileType = sourcecode.swift; path = QuicklyAuthorization.swift; sourceTree = "<group>"; };
		345C11F92DAC95AB005FCCDB /* QuicklyButton.swift */ = {isa = PBXFileReference; lastKnownFileType = sourcecode.swift; path = QuicklyButton.swift; sourceTree = "<group>"; };
		345C11FA2DAC95AB005FCCDB /* QuicklyCALayer.swift */ = {isa = PBXFileReference; lastKnownFileType = sourcecode.swift; path = QuicklyCALayer.swift; sourceTree = "<group>"; };
		345C11FB2DAC95AB005FCCDB /* QuicklyCollectionView.swift */ = {isa = PBXFileReference; lastKnownFileType = sourcecode.swift; path = QuicklyCollectionView.swift; sourceTree = "<group>"; };
		345C11FC2DAC95AB005FCCDB /* QuicklyColor.swift */ = {isa = PBXFileReference; lastKnownFileType = sourcecode.swift; path = QuicklyColor.swift; sourceTree = "<group>"; };
		345C11FD2DAC95AB005FCCDB /* QuicklyConstant.swift */ = {isa = PBXFileReference; lastKnownFileType = sourcecode.swift; path = QuicklyConstant.swift; sourceTree = "<group>"; };
		345C11FE2DAC95AB005FCCDB /* QuicklyDate.swift */ = {isa = PBXFileReference; lastKnownFileType = sourcecode.swift; path = QuicklyDate.swift; sourceTree = "<group>"; };
		345C11FF2DAC95AB005FCCDB /* QuicklyFile.swift */ = {isa = PBXFileReference; lastKnownFileType = sourcecode.swift; path = QuicklyFile.swift; sourceTree = "<group>"; };
		345C12002DAC95AB005FCCDB /* QuicklyFileBrowser.swift */ = {isa = PBXFileReference; lastKnownFileType = sourcecode.swift; path = QuicklyFileBrowser.swift; sourceTree = "<group>"; };
		345C12012DAC95AB005FCCDB /* QuicklyHelper.swift */ = {isa = PBXFileReference; lastKnownFileType = sourcecode.swift; path = QuicklyHelper.swift; sourceTree = "<group>"; };
		345C12022DAC95AB005FCCDB /* QuicklyImage.swift */ = {isa = PBXFileReference; lastKnownFileType = sourcecode.swift; path = QuicklyImage.swift; sourceTree = "<group>"; };
		345C12032DAC95AB005FCCDB /* QuicklyImageView.swift */ = {isa = PBXFileReference; lastKnownFileType = sourcecode.swift; path = QuicklyImageView.swift; sourceTree = "<group>"; };
		345C12042DAC95AB005FCCDB /* QuicklyLabel.swift */ = {isa = PBXFileReference; lastKnownFileType = sourcecode.swift; path = QuicklyLabel.swift; sourceTree = "<group>"; };
		345C12052DAC95AB005FCCDB /* QuicklyLocationManager.swift */ = {isa = PBXFileReference; lastKnownFileType = sourcecode.swift; path = QuicklyLocationManager.swift; sourceTree = "<group>"; };
		345C12062DAC95AB005FCCDB /* QuicklyNotification.swift */ = {isa = PBXFileReference; lastKnownFileType = sourcecode.swift; path = QuicklyNotification.swift; sourceTree = "<group>"; };
		345C12072DAC95AB005FCCDB /* QuicklyNSAttributedString.swift */ = {isa = PBXFileReference; lastKnownFileType = sourcecode.swift; path = QuicklyNSAttributedString.swift; sourceTree = "<group>"; };
		345C12082DAC95AB005FCCDB /* QuicklyNumber.swift */ = {isa = PBXFileReference; lastKnownFileType = sourcecode.swift; path = QuicklyNumber.swift; sourceTree = "<group>"; };
		345C12092DAC95AB005FCCDB /* QuicklyObject.swift */ = {isa = PBXFileReference; lastKnownFileType = sourcecode.swift; path = QuicklyObject.swift; sourceTree = "<group>"; };
		345C120A2DAC95AB005FCCDB /* QuicklyPHAsset.swift */ = {isa = PBXFileReference; lastKnownFileType = sourcecode.swift; path = QuicklyPHAsset.swift; sourceTree = "<group>"; };
		345C120B2DAC95AB005FCCDB /* QuicklyPopmenu.swift */ = {isa = PBXFileReference; lastKnownFileType = sourcecode.swift; path = QuicklyPopmenu.swift; sourceTree = "<group>"; };
		345C120C2DAC95AB005FCCDB /* QuicklyScrollView.swift */ = {isa = PBXFileReference; lastKnownFileType = sourcecode.swift; path = QuicklyScrollView.swift; sourceTree = "<group>"; };
		345C120D2DAC95AB005FCCDB /* QuicklyStackView.swift */ = {isa = PBXFileReference; lastKnownFileType = sourcecode.swift; path = QuicklyStackView.swift; sourceTree = "<group>"; };
		345C120E2DAC95AB005FCCDB /* QuicklyString.swift */ = {isa = PBXFileReference; lastKnownFileType = sourcecode.swift; path = QuicklyString.swift; sourceTree = "<group>"; };
		345C120F2DAC95AB005FCCDB /* QuicklySwift.swift */ = {isa = PBXFileReference; lastKnownFileType = sourcecode.swift; path = QuicklySwift.swift; sourceTree = "<group>"; };
		345C12102DAC95AB005FCCDB /* QuicklyTableView.swift */ = {isa = PBXFileReference; lastKnownFileType = sourcecode.swift; path = QuicklyTableView.swift; sourceTree = "<group>"; };
		345C12112DAC95AB005FCCDB /* QuicklyTextField.swift */ = {isa = PBXFileReference; lastKnownFileType = sourcecode.swift; path = QuicklyTextField.swift; sourceTree = "<group>"; };
		345C12122DAC95AB005FCCDB /* QuicklyTextView.swift */ = {isa = PBXFileReference; lastKnownFileType = sourcecode.swift; path = QuicklyTextView.swift; sourceTree = "<group>"; };
		345C12132DAC95AB005FCCDB /* QuicklyTimer.swift */ = {isa = PBXFileReference; lastKnownFileType = sourcecode.swift; path = QuicklyTimer.swift; sourceTree = "<group>"; };
		345C12142DAC95AB005FCCDB /* QuicklyUIControl.swift */ = {isa = PBXFileReference; lastKnownFileType = sourcecode.swift; path = QuicklyUIControl.swift; sourceTree = "<group>"; };
		345C12152DAC95AB005FCCDB /* QuicklyView.swift */ = {isa = PBXFileReference; lastKnownFileType = sourcecode.swift; path = QuicklyView.swift; sourceTree = "<group>"; };
		345C12162DAC95AB005FCCDB /* QuicklyViewAnimation.swift */ = {isa = PBXFileReference; lastKnownFileType = sourcecode.swift; path = QuicklyViewAnimation.swift; sourceTree = "<group>"; };
		345C12172DAC95AB005FCCDB /* QuicklyViewController.swift */ = {isa = PBXFileReference; lastKnownFileType = sourcecode.swift; path = QuicklyViewController.swift; sourceTree = "<group>"; };
		345C12182DAC95AB005FCCDB /* QuicklyViewControllerAnimation.swift */ = {isa = PBXFileReference; lastKnownFileType = sourcecode.swift; path = QuicklyViewControllerAnimation.swift; sourceTree = "<group>"; };
		345C18A72DADEF36005FCCDB /* SLCustomAlertView.h */ = {isa = PBXFileReference; lastKnownFileType = sourcecode.c.h; path = SLCustomAlertView.h; sourceTree = "<group>"; };
		345C18A82DADEF36005FCCDB /* SLCustomAlertView.m */ = {isa = PBXFileReference; lastKnownFileType = sourcecode.c.objc; path = SLCustomAlertView.m; sourceTree = "<group>"; };
		3486060A2DD9B96A00040009 /* SLAddLinkViewController.h */ = {isa = PBXFileReference; lastKnownFileType = sourcecode.c.h; path = SLAddLinkViewController.h; sourceTree = "<group>"; };
		3486060B2DD9B96A00040009 /* SLAddLinkViewController.m */ = {isa = PBXFileReference; lastKnownFileType = sourcecode.c.objc; path = SLAddLinkViewController.m; sourceTree = "<group>"; };
		348628F22DB358AA00CB341C /* NSObject+SLEmpty.h */ = {isa = PBXFileReference; lastKnownFileType = sourcecode.c.h; path = "NSObject+SLEmpty.h"; sourceTree = "<group>"; };
		348628F32DB358AA00CB341C /* NSObject+SLEmpty.m */ = {isa = PBXFileReference; lastKnownFileType = sourcecode.c.objc; path = "NSObject+SLEmpty.m"; sourceTree = "<group>"; };
		348628F52DB3CCB600CB341C /* UIView+SLToast.h */ = {isa = PBXFileReference; lastKnownFileType = sourcecode.c.h; path = "UIView+SLToast.h"; sourceTree = "<group>"; };
		348628F62DB3CCB600CB341C /* UIView+SLToast.m */ = {isa = PBXFileReference; lastKnownFileType = sourcecode.c.objc; path = "UIView+SLToast.m"; sourceTree = "<group>"; };
		348685702DBE0DDA00CB341C /* zh-Hans */ = {isa = PBXFileReference; lastKnownFileType = text.plist.strings; name = "zh-Hans"; path = "zh-Hans.lproj/LaunchScreen.strings"; sourceTree = "<group>"; };
		348685712DBE0DDB00CB341C /* zh-Hans */ = {isa = PBXFileReference; lastKnownFileType = text.plist.strings; name = "zh-Hans"; path = "zh-Hans.lproj/Main.strings"; sourceTree = "<group>"; };
		3486EBC02D1D3C2700A55258 /* SLNavigationController.h */ = {isa = PBXFileReference; lastKnownFileType = sourcecode.c.h; path = SLNavigationController.h; sourceTree = "<group>"; };
		3486EBC12D1D3C2700A55258 /* SLNavigationController.m */ = {isa = PBXFileReference; lastKnownFileType = sourcecode.c.objc; path = SLNavigationController.m; sourceTree = "<group>"; };
		349A11FF2EF8E7B50000402E /* SLUser.h */ = {isa = PBXFileReference; lastKnownFileType = sourcecode.c.h; path = SLUser.h; sourceTree = "<group>"; };
		349A12002EF8E7B50000402E /* SLUser.m */ = {isa = PBXFileReference; lastKnownFileType = sourcecode.c.objc; path = SLUser.m; sourceTree = "<group>"; };
		349A12022EF8E7FA0000402E /* SLUserEntity.h */ = {isa = PBXFileReference; lastKnownFileType = sourcecode.c.h; path = SLUserEntity.h; sourceTree = "<group>"; };
		349A12032EF8E7FA0000402E /* SLUserEntity.m */ = {isa = PBXFileReference; lastKnownFileType = sourcecode.c.objc; path = SLUserEntity.m; sourceTree = "<group>"; };
		349A12062EF8E88B0000402E /* SLHomeTagView.h */ = {isa = PBXFileReference; lastKnownFileType = sourcecode.c.h; path = SLHomeTagView.h; sourceTree = "<group>"; };
		349A12072EF8E88B0000402E /* SLHomeTagView.m */ = {isa = PBXFileReference; lastKnownFileType = sourcecode.c.objc; path = SLHomeTagView.m; sourceTree = "<group>"; };
		349A120D2EF8EA6A0000402E /* SLHomePageViewModel.h */ = {isa = PBXFileReference; lastKnownFileType = sourcecode.c.h; path = SLHomePageViewModel.h; sourceTree = "<group>"; };
		349A120E2EF8EA6A0000402E /* SLHomePageViewModel.m */ = {isa = PBXFileReference; lastKnownFileType = sourcecode.c.objc; path = SLHomePageViewModel.m; sourceTree = "<group>"; };
		34A0711A2D732FBC006BC583 /* SLAlertManager.h */ = {isa = PBXFileReference; lastKnownFileType = sourcecode.c.h; path = SLAlertManager.h; sourceTree = "<group>"; };
		34A0711B2D732FBC006BC583 /* SLAlertManager.m */ = {isa = PBXFileReference; lastKnownFileType = sourcecode.c.objc; path = SLAlertManager.m; sourceTree = "<group>"; };
		34A951502DB121B500579CC6 /* SLCommentInputViewController.h */ = {isa = PBXFileReference; lastKnownFileType = sourcecode.c.h; path = SLCommentInputViewController.h; sourceTree = "<group>"; };
		34A951512DB121B500579CC6 /* SLCommentInputViewController.m */ = {isa = PBXFileReference; lastKnownFileType = sourcecode.c.objc; path = SLCommentInputViewController.m; sourceTree = "<group>"; };
		34D2EB712D3941DE0067CC05 /* TZLocationManager.h */ = {isa = PBXFileReference; lastKnownFileType = sourcecode.c.h; path = TZLocationManager.h; sourceTree = "<group>"; };
		34D2EB722D3941DE0067CC05 /* TZLocationManager.m */ = {isa = PBXFileReference; lastKnownFileType = sourcecode.c.objc; path = TZLocationManager.m; sourceTree = "<group>"; };
		34D2EB742D3941DE0067CC05 /* NSBundle+TZImagePicker.h */ = {isa = PBXFileReference; lastKnownFileType = sourcecode.c.h; path = "NSBundle+TZImagePicker.h"; sourceTree = "<group>"; };
		34D2EB752D3941DE0067CC05 /* NSBundle+TZImagePicker.m */ = {isa = PBXFileReference; lastKnownFileType = sourcecode.c.objc; path = "NSBundle+TZImagePicker.m"; sourceTree = "<group>"; };
		34D2EB762D3941DE0067CC05 /* TZAssetCell.h */ = {isa = PBXFileReference; lastKnownFileType = sourcecode.c.h; path = TZAssetCell.h; sourceTree = "<group>"; };
		34D2EB772D3941DE0067CC05 /* TZAssetCell.m */ = {isa = PBXFileReference; lastKnownFileType = sourcecode.c.objc; path = TZAssetCell.m; sourceTree = "<group>"; };
		34D2EB782D3941DE0067CC05 /* TZAssetModel.h */ = {isa = PBXFileReference; lastKnownFileType = sourcecode.c.h; path = TZAssetModel.h; sourceTree = "<group>"; };
		34D2EB792D3941DE0067CC05 /* TZAssetModel.m */ = {isa = PBXFileReference; lastKnownFileType = sourcecode.c.objc; path = TZAssetModel.m; sourceTree = "<group>"; };
		34D2EB7A2D3941DE0067CC05 /* TZAuthLimitedFooterTipView.h */ = {isa = PBXFileReference; lastKnownFileType = sourcecode.c.h; path = TZAuthLimitedFooterTipView.h; sourceTree = "<group>"; };
		34D2EB7B2D3941DE0067CC05 /* TZAuthLimitedFooterTipView.m */ = {isa = PBXFileReference; lastKnownFileType = sourcecode.c.objc; path = TZAuthLimitedFooterTipView.m; sourceTree = "<group>"; };
		34D2EB7C2D3941DE0067CC05 /* TZGifPhotoPreviewController.h */ = {isa = PBXFileReference; lastKnownFileType = sourcecode.c.h; path = TZGifPhotoPreviewController.h; sourceTree = "<group>"; };
		34D2EB7D2D3941DE0067CC05 /* TZGifPhotoPreviewController.m */ = {isa = PBXFileReference; lastKnownFileType = sourcecode.c.objc; path = TZGifPhotoPreviewController.m; sourceTree = "<group>"; };
		34D2EB7E2D3941DE0067CC05 /* TZImageCropManager.h */ = {isa = PBXFileReference; lastKnownFileType = sourcecode.c.h; path = TZImageCropManager.h; sourceTree = "<group>"; };
		34D2EB7F2D3941DE0067CC05 /* TZImageCropManager.m */ = {isa = PBXFileReference; lastKnownFileType = sourcecode.c.objc; path = TZImageCropManager.m; sourceTree = "<group>"; };
		34D2EB802D3941DE0067CC05 /* TZImageManager.h */ = {isa = PBXFileReference; lastKnownFileType = sourcecode.c.h; path = TZImageManager.h; sourceTree = "<group>"; };
		34D2EB812D3941DE0067CC05 /* TZImageManager.m */ = {isa = PBXFileReference; lastKnownFileType = sourcecode.c.objc; path = TZImageManager.m; sourceTree = "<group>"; };
		34D2EB822D3941DE0067CC05 /* TZImagePickerController.h */ = {isa = PBXFileReference; lastKnownFileType = sourcecode.c.h; path = TZImagePickerController.h; sourceTree = "<group>"; };
		34D2EB832D3941DE0067CC05 /* TZImagePickerController.bundle */ = {isa = PBXFileReference; lastKnownFileType = "wrapper.plug-in"; path = TZImagePickerController.bundle; sourceTree = "<group>"; };
		34D2EB842D3941DE0067CC05 /* TZImagePickerController.m */ = {isa = PBXFileReference; lastKnownFileType = sourcecode.c.objc; path = TZImagePickerController.m; sourceTree = "<group>"; };
		34D2EB852D3941DE0067CC05 /* TZImageRequestOperation.h */ = {isa = PBXFileReference; lastKnownFileType = sourcecode.c.h; path = TZImageRequestOperation.h; sourceTree = "<group>"; };
		34D2EB862D3941DE0067CC05 /* TZImageRequestOperation.m */ = {isa = PBXFileReference; lastKnownFileType = sourcecode.c.objc; path = TZImageRequestOperation.m; sourceTree = "<group>"; };
		34D2EB872D3941DE0067CC05 /* TZPhotoPickerController.h */ = {isa = PBXFileReference; lastKnownFileType = sourcecode.c.h; path = TZPhotoPickerController.h; sourceTree = "<group>"; };
		34D2EB882D3941DE0067CC05 /* TZPhotoPickerController.m */ = {isa = PBXFileReference; lastKnownFileType = sourcecode.c.objc; path = TZPhotoPickerController.m; sourceTree = "<group>"; };
		34D2EB892D3941DE0067CC05 /* TZPhotoPreviewCell.h */ = {isa = PBXFileReference; lastKnownFileType = sourcecode.c.h; path = TZPhotoPreviewCell.h; sourceTree = "<group>"; };
		34D2EB8A2D3941DE0067CC05 /* TZPhotoPreviewCell.m */ = {isa = PBXFileReference; lastKnownFileType = sourcecode.c.objc; path = TZPhotoPreviewCell.m; sourceTree = "<group>"; };
		34D2EB8B2D3941DE0067CC05 /* TZPhotoPreviewController.h */ = {isa = PBXFileReference; lastKnownFileType = sourcecode.c.h; path = TZPhotoPreviewController.h; sourceTree = "<group>"; };
		34D2EB8C2D3941DE0067CC05 /* TZPhotoPreviewController.m */ = {isa = PBXFileReference; lastKnownFileType = sourcecode.c.objc; path = TZPhotoPreviewController.m; sourceTree = "<group>"; };
		34D2EB8D2D3941DE0067CC05 /* TZProgressView.h */ = {isa = PBXFileReference; lastKnownFileType = sourcecode.c.h; path = TZProgressView.h; sourceTree = "<group>"; };
		34D2EB8E2D3941DE0067CC05 /* TZProgressView.m */ = {isa = PBXFileReference; lastKnownFileType = sourcecode.c.objc; path = TZProgressView.m; sourceTree = "<group>"; };
		34D2EB8F2D3941DE0067CC05 /* TZVideoCropController.h */ = {isa = PBXFileReference; lastKnownFileType = sourcecode.c.h; path = TZVideoCropController.h; sourceTree = "<group>"; };
		34D2EB902D3941DE0067CC05 /* TZVideoCropController.m */ = {isa = PBXFileReference; lastKnownFileType = sourcecode.c.objc; path = TZVideoCropController.m; sourceTree = "<group>"; };
		34D2EB912D3941DE0067CC05 /* TZVideoEditedPreviewController.h */ = {isa = PBXFileReference; lastKnownFileType = sourcecode.c.h; path = TZVideoEditedPreviewController.h; sourceTree = "<group>"; };
		34D2EB922D3941DE0067CC05 /* TZVideoEditedPreviewController.m */ = {isa = PBXFileReference; lastKnownFileType = sourcecode.c.objc; path = TZVideoEditedPreviewController.m; sourceTree = "<group>"; };
		34D2EB932D3941DE0067CC05 /* TZVideoPlayerController.h */ = {isa = PBXFileReference; lastKnownFileType = sourcecode.c.h; path = TZVideoPlayerController.h; sourceTree = "<group>"; };
		34D2EB942D3941DE0067CC05 /* TZVideoPlayerController.m */ = {isa = PBXFileReference; lastKnownFileType = sourcecode.c.objc; path = TZVideoPlayerController.m; sourceTree = "<group>"; };
		34D2EB952D3941DE0067CC05 /* UIView+TZLayout.h */ = {isa = PBXFileReference; lastKnownFileType = sourcecode.c.h; path = "UIView+TZLayout.h"; sourceTree = "<group>"; };
		34D2EB962D3941DE0067CC05 /* UIView+TZLayout.m */ = {isa = PBXFileReference; lastKnownFileType = sourcecode.c.objc; path = "UIView+TZLayout.m"; sourceTree = "<group>"; };
		34D2EBAC2D3942880067CC05 /* RZRichTextView.bundle */ = {isa = PBXFileReference; lastKnownFileType = "wrapper.plug-in"; path = RZRichTextView.bundle; sourceTree = "<group>"; };
		34D2EBAE2D3942880067CC05 /* AttributedStringRich.swift */ = {isa = PBXFileReference; lastKnownFileType = sourcecode.swift; path = AttributedStringRich.swift; sourceTree = "<group>"; };
		34D2EBAF2D3942880067CC05 /* LabelRZRich.swift */ = {isa = PBXFileReference; lastKnownFileType = sourcecode.swift; path = LabelRZRich.swift; sourceTree = "<group>"; };
		34D2EBB02D3942880067CC05 /* RZAttachmentInfo.swift */ = {isa = PBXFileReference; lastKnownFileType = sourcecode.swift; path = RZAttachmentInfo.swift; sourceTree = "<group>"; };
		34D2EBB12D3942880067CC05 /* RZAttachmentInfoLayerView.swift */ = {isa = PBXFileReference; lastKnownFileType = sourcecode.swift; path = RZAttachmentInfoLayerView.swift; sourceTree = "<group>"; };
		34D2EBB22D3942880067CC05 /* RZCss.swift */ = {isa = PBXFileReference; lastKnownFileType = sourcecode.swift; path = RZCss.swift; sourceTree = "<group>"; };
		34D2EBB32D3942880067CC05 /* RZHtml.swift */ = {isa = PBXFileReference; lastKnownFileType = sourcecode.swift; path = RZHtml.swift; sourceTree = "<group>"; };
		34D2EBB42D3942880067CC05 /* RZInputAccessoryItem.swift */ = {isa = PBXFileReference; lastKnownFileType = sourcecode.swift; path = RZInputAccessoryItem.swift; sourceTree = "<group>"; };
		34D2EBB52D3942880067CC05 /* RZInputAccessoryView.swift */ = {isa = PBXFileReference; lastKnownFileType = sourcecode.swift; path = RZInputAccessoryView.swift; sourceTree = "<group>"; };
		34D2EBB62D3942880067CC05 /* RZLinkInputViewController.swift */ = {isa = PBXFileReference; lastKnownFileType = sourcecode.swift; path = RZLinkInputViewController.swift; sourceTree = "<group>"; };
		34D2EBB72D3942880067CC05 /* RZRichFontStyleView.swift */ = {isa = PBXFileReference; lastKnownFileType = sourcecode.swift; path = RZRichFontStyleView.swift; sourceTree = "<group>"; };
		34D2EBB82D3942880067CC05 /* RZRichParagraphStyleView.swift */ = {isa = PBXFileReference; lastKnownFileType = sourcecode.swift; path = RZRichParagraphStyleView.swift; sourceTree = "<group>"; };
		34D2EBB92D3942880067CC05 /* RZRichTableStyleView.swift */ = {isa = PBXFileReference; lastKnownFileType = sourcecode.swift; path = RZRichTableStyleView.swift; sourceTree = "<group>"; };
		34D2EBBA2D3942880067CC05 /* RZRichTextBase.swift */ = {isa = PBXFileReference; lastKnownFileType = sourcecode.swift; path = RZRichTextBase.swift; sourceTree = "<group>"; };
		34D2EBBB2D3942880067CC05 /* RZRichTextView.swift */ = {isa = PBXFileReference; lastKnownFileType = sourcecode.swift; path = RZRichTextView.swift; sourceTree = "<group>"; };
		34D2EBBC2D3942880067CC05 /* RZRichTextViewConfigure.swift */ = {isa = PBXFileReference; lastKnownFileType = sourcecode.swift; path = RZRichTextViewConfigure.swift; sourceTree = "<group>"; };
		34D2EBBD2D3942880067CC05 /* RZRichTextViewModel.swift */ = {isa = PBXFileReference; lastKnownFileType = sourcecode.swift; path = RZRichTextViewModel.swift; sourceTree = "<group>"; };
		34D2EBD42D3943660067CC05 /* SLRecordViewController.h */ = {isa = PBXFileReference; lastKnownFileType = sourcecode.c.h; path = SLRecordViewController.h; sourceTree = "<group>"; };
		34D2EBD52D3943660067CC05 /* SLRecordViewController.m */ = {isa = PBXFileReference; lastKnownFileType = sourcecode.c.objc; path = SLRecordViewController.m; sourceTree = "<group>"; };
		34D2EBD72D394A8B0067CC05 /* HowToUseDemo.swift */ = {isa = PBXFileReference; lastKnownFileType = sourcecode.swift; path = HowToUseDemo.swift; sourceTree = "<group>"; };
		34D2EBDB2D394C760067CC05 /* digg-Bridging-Header.h */ = {isa = PBXFileReference; lastKnownFileType = sourcecode.c.h; path = "digg-Bridging-Header.h"; sourceTree = "<group>"; };
		34D2EBDC2D3A01410067CC05 /* SLRecordViewModel.h */ = {isa = PBXFileReference; lastKnownFileType = sourcecode.c.h; path = SLRecordViewModel.h; sourceTree = "<group>"; };
		34D2EBDD2D3A01410067CC05 /* SLRecordViewModel.m */ = {isa = PBXFileReference; lastKnownFileType = sourcecode.c.objc; path = SLRecordViewModel.m; sourceTree = "<group>"; };
		44262EF495A884D327C8F69E /* Pods-digg.debug.xcconfig */ = {isa = PBXFileReference; includeInIndex = 1; lastKnownFileType = text.xcconfig; name = "Pods-digg.debug.xcconfig"; path = "Target Support Files/Pods-digg/Pods-digg.debug.xcconfig"; sourceTree = "<group>"; };
		C0C36A29D1E20E9D246DAEB5 /* Pods-digg.release.xcconfig */ = {isa = PBXFileReference; includeInIndex = 1; lastKnownFileType = text.xcconfig; name = "Pods-digg.release.xcconfig"; path = "Target Support Files/Pods-digg/Pods-digg.release.xcconfig"; sourceTree = "<group>"; };
		E76A45B72CB8C06F008B2746 /* CaocaoButton.h */ = {isa = PBXFileReference; lastKnownFileType = sourcecode.c.h; path = CaocaoButton.h; sourceTree = "<group>"; };
		E76A45B82CB8C06F008B2746 /* CaocaoButton.m */ = {isa = PBXFileReference; lastKnownFileType = sourcecode.c.objc; path = CaocaoButton.m; sourceTree = "<group>"; };
		E76A45BA2CB8C08D008B2746 /* UIView+CommonKit.h */ = {isa = PBXFileReference; lastKnownFileType = sourcecode.c.h; path = "UIView+CommonKit.h"; sourceTree = "<group>"; };
		E76A45BB2CB8C08D008B2746 /* UIView+CommonKit.m */ = {isa = PBXFileReference; lastKnownFileType = sourcecode.c.objc; path = "UIView+CommonKit.m"; sourceTree = "<group>"; };
		E76A45C52CB93827008B2746 /* CaocaoRefresh.h */ = {isa = PBXFileReference; lastKnownFileType = sourcecode.c.h; path = CaocaoRefresh.h; sourceTree = "<group>"; };
		E76A45C62CB93827008B2746 /* CaocaoRefreshCircleView.h */ = {isa = PBXFileReference; lastKnownFileType = sourcecode.c.h; path = CaocaoRefreshCircleView.h; sourceTree = "<group>"; };
		E76A45C72CB93827008B2746 /* CaocaoRefreshCircleView.m */ = {isa = PBXFileReference; lastKnownFileType = sourcecode.c.objc; path = CaocaoRefreshCircleView.m; sourceTree = "<group>"; };
		E76A45C82CB93827008B2746 /* CaocaoRefreshFooter.h */ = {isa = PBXFileReference; lastKnownFileType = sourcecode.c.h; path = CaocaoRefreshFooter.h; sourceTree = "<group>"; };
		E76A45C92CB93827008B2746 /* CaocaoRefreshFooter.m */ = {isa = PBXFileReference; lastKnownFileType = sourcecode.c.objc; path = CaocaoRefreshFooter.m; sourceTree = "<group>"; };
		E76A45CA2CB93827008B2746 /* CaocaoRefreshHeader.h */ = {isa = PBXFileReference; lastKnownFileType = sourcecode.c.h; path = CaocaoRefreshHeader.h; sourceTree = "<group>"; };
		E76A45CB2CB93827008B2746 /* CaocaoRefreshHeader.m */ = {isa = PBXFileReference; lastKnownFileType = sourcecode.c.objc; path = CaocaoRefreshHeader.m; sourceTree = "<group>"; };
		E76A45E62CBFB994008B2746 /* CaocaoRootViewController.h */ = {isa = PBXFileReference; lastKnownFileType = sourcecode.c.h; path = CaocaoRootViewController.h; sourceTree = "<group>"; };
		E76A45E72CBFB994008B2746 /* CaocaoRootViewController.m */ = {isa = PBXFileReference; lastKnownFileType = sourcecode.c.objc; path = CaocaoRootViewController.m; sourceTree = "<group>"; };
		E76A45E92CBFB9AB008B2746 /* CaocaoLoadDataDefaultView.h */ = {isa = PBXFileReference; lastKnownFileType = sourcecode.c.h; path = CaocaoLoadDataDefaultView.h; sourceTree = "<group>"; };
		E76A45EA2CBFB9AB008B2746 /* CaocaoLoadDataDefaultView.m */ = {isa = PBXFileReference; lastKnownFileType = sourcecode.c.objc; path = CaocaoLoadDataDefaultView.m; sourceTree = "<group>"; };
		E7769E562CA2E63A00AE84F4 /* digg.app */ = {isa = PBXFileReference; explicitFileType = wrapper.application; includeInIndex = 0; path = digg.app; sourceTree = BUILT_PRODUCTS_DIR; };
		E7769E592CA2E63A00AE84F4 /* AppDelegate.h */ = {isa = PBXFileReference; lastKnownFileType = sourcecode.c.h; path = AppDelegate.h; sourceTree = "<group>"; };
		E7769E5A2CA2E63A00AE84F4 /* AppDelegate.m */ = {isa = PBXFileReference; lastKnownFileType = sourcecode.c.objc; path = AppDelegate.m; sourceTree = "<group>"; };
		E7769E652CA2E63B00AE84F4 /* Assets.xcassets */ = {isa = PBXFileReference; lastKnownFileType = folder.assetcatalog; path = Assets.xcassets; sourceTree = "<group>"; };
		E7769E682CA2E63B00AE84F4 /* Base */ = {isa = PBXFileReference; lastKnownFileType = file.storyboard; name = Base; path = Base.lproj/LaunchScreen.storyboard; sourceTree = "<group>"; };
		E7769E6A2CA2E63B00AE84F4 /* Info.plist */ = {isa = PBXFileReference; lastKnownFileType = text.plist.xml; path = Info.plist; sourceTree = "<group>"; };
		E7769E6B2CA2E63B00AE84F4 /* main.m */ = {isa = PBXFileReference; lastKnownFileType = sourcecode.c.objc; path = main.m; sourceTree = "<group>"; };
		E7769E752CA2E63C00AE84F4 /* diggTests.m */ = {isa = PBXFileReference; lastKnownFileType = sourcecode.c.objc; path = diggTests.m; sourceTree = "<group>"; };
		E7769E7F2CA2E63C00AE84F4 /* diggUITests.m */ = {isa = PBXFileReference; lastKnownFileType = sourcecode.c.objc; path = diggUITests.m; sourceTree = "<group>"; };
		E7769E812CA2E63C00AE84F4 /* diggUITestsLaunchTests.m */ = {isa = PBXFileReference; lastKnownFileType = sourcecode.c.objc; path = diggUITestsLaunchTests.m; sourceTree = "<group>"; };
		E7769E8E2CA2E9A000AE84F4 /* SLHomePageViewController.h */ = {isa = PBXFileReference; lastKnownFileType = sourcecode.c.h; path = SLHomePageViewController.h; sourceTree = "<group>"; };
		E7769E8F2CA2E9A000AE84F4 /* SLHomePageViewController.m */ = {isa = PBXFileReference; lastKnownFileType = sourcecode.c.objc; path = SLHomePageViewController.m; sourceTree = "<group>"; };
		E7769EA22CA503C300AE84F4 /* SLGeneralMacro.h */ = {isa = PBXFileReference; lastKnownFileType = sourcecode.c.h; path = SLGeneralMacro.h; sourceTree = "<group>"; };
		E7769EA42CB181A800AE84F4 /* SLTabbarController.h */ = {isa = PBXFileReference; lastKnownFileType = sourcecode.c.h; path = SLTabbarController.h; sourceTree = "<group>"; };
		E7769EA52CB181A800AE84F4 /* SLTabbarController.m */ = {isa = PBXFileReference; lastKnownFileType = sourcecode.c.objc; path = SLTabbarController.m; sourceTree = "<group>"; };
		E7769EA82CB1A10900AE84F4 /* Base */ = {isa = PBXFileReference; lastKnownFileType = file.storyboard; name = Base; path = Base.lproj/Main.storyboard; sourceTree = "<group>"; };
		E7769EBE2CB798F800AE84F4 /* SLWebViewController.h */ = {isa = PBXFileReference; lastKnownFileType = sourcecode.c.h; path = SLWebViewController.h; sourceTree = "<group>"; };
		E7769EBF2CB798F800AE84F4 /* SLWebViewController.m */ = {isa = PBXFileReference; lastKnownFileType = sourcecode.c.objc; path = SLWebViewController.m; sourceTree = "<group>"; };
		E7A3B6E72CC0AB6F00BB7304 /* UIImage+CommonKit.h */ = {isa = PBXFileReference; lastKnownFileType = sourcecode.c.h; path = "UIImage+CommonKit.h"; sourceTree = "<group>"; };
		E7A3B6E82CC0AB6F00BB7304 /* UIImage+CommonKit.m */ = {isa = PBXFileReference; lastKnownFileType = sourcecode.c.objc; path = "UIImage+CommonKit.m"; sourceTree = "<group>"; };
		E7C137E12CF31F2A00C5053A /* SLHomeWebViewController.h */ = {isa = PBXFileReference; lastKnownFileType = sourcecode.c.h; path = SLHomeWebViewController.h; sourceTree = "<group>"; };
		E7C137E22CF31F2A00C5053A /* SLHomeWebViewController.m */ = {isa = PBXFileReference; lastKnownFileType = sourcecode.c.objc; path = SLHomeWebViewController.m; sourceTree = "<group>"; };
		E7C137E42CF3239700C5053A /* EnvConfigHeader.h */ = {isa = PBXFileReference; lastKnownFileType = sourcecode.c.h; path = EnvConfigHeader.h; sourceTree = "<group>"; };
		E7C4056F2CC0B325004D90CD /* NSString+UXing.h */ = {isa = PBXFileReference; lastKnownFileType = sourcecode.c.h; path = "NSString+UXing.h"; sourceTree = "<group>"; };
		E7C405702CC0B325004D90CD /* NSString+UXing.m */ = {isa = PBXFileReference; lastKnownFileType = sourcecode.c.objc; path = "NSString+UXing.m"; sourceTree = "<group>"; };
		E7EB1C662CFC702500A74D43 /* SystemConfiguration.framework */ = {isa = PBXFileReference; lastKnownFileType = wrapper.framework; name = SystemConfiguration.framework; path = System/Library/Frameworks/SystemConfiguration.framework; sourceTree = SDKROOT; };
		E7EB1C682CFC702B00A74D43 /* Security.framework */ = {isa = PBXFileReference; lastKnownFileType = wrapper.framework; name = Security.framework; path = System/Library/Frameworks/Security.framework; sourceTree = SDKROOT; };
		E7EB1C6A2CFC703A00A74D43 /* libz.tbd */ = {isa = PBXFileReference; lastKnownFileType = "sourcecode.text-based-dylib-definition"; name = libz.tbd; path = usr/lib/libz.tbd; sourceTree = SDKROOT; };
		E7EB1C6C2CFC704500A74D43 /* libc++.tbd */ = {isa = PBXFileReference; lastKnownFileType = "sourcecode.text-based-dylib-definition"; name = "libc++.tbd"; path = "usr/lib/libc++.tbd"; sourceTree = SDKROOT; };
		E828F1163A81AA53E358E2FB /* libPods-digg.a */ = {isa = PBXFileReference; explicitFileType = archive.ar; includeInIndex = 0; path = "libPods-digg.a"; sourceTree = BUILT_PRODUCTS_DIR; };
/* End PBXFileReference section */

/* Begin PBXFrameworksBuildPhase section */
		E7769E532CA2E63A00AE84F4 /* Frameworks */ = {
			isa = PBXFrameworksBuildPhase;
			buildActionMask = 2147483647;
			files = (
				E7EB1C6D2CFC704500A74D43 /* libc++.tbd in Frameworks */,
				E7EB1C6B2CFC703A00A74D43 /* libz.tbd in Frameworks */,
				E7EB1C692CFC702B00A74D43 /* Security.framework in Frameworks */,
				E7EB1C672CFC702500A74D43 /* SystemConfiguration.framework in Frameworks */,
				703F132D482FE46A6379243D /* libPods-digg.a in Frameworks */,
			);
			runOnlyForDeploymentPostprocessing = 0;
		};
/* End PBXFrameworksBuildPhase section */

/* Begin PBXGroup section */
		344242752D55FDF30081B948 /* ColorManager */ = {
			isa = PBXGroup;
			children = (
				344242762D55FE190081B948 /* SLColorManager.h */,
				344242772D55FE190081B948 /* SLColorManager.m */,
			);
			path = ColorManager;
			sourceTree = "<group>";
		};
		345C12192DAC95AB005FCCDB /* Classes */ = {
			isa = PBXGroup;
			children = (
				345C11E92DAC95AB005FCCDB /* QActionSheetController.swift */,
				345C11EA2DAC95AB005FCCDB /* QAlertViewController.swift */,
				345C11EB2DAC95AB005FCCDB /* QCollectionViewHelper.swift */,
				345C11EC2DAC95AB005FCCDB /* QDatePicker.swift */,
				345C11ED2DAC95AB005FCCDB /* QDispatch.swift */,
				345C11EE2DAC95AB005FCCDB /* QGestureRecognizer.swift */,
				345C11EF2DAC95AB005FCCDB /* QGrayFloatManager.swift */,
				345C11F02DAC95AB005FCCDB /* QPlayer.swift */,
				345C11F12DAC95AB005FCCDB /* QPublish.swift */,
				345C11F22DAC95AB005FCCDB /* QSlider.swift */,
				345C11F32DAC95AB005FCCDB /* QSwitch.swift */,
				345C11F42DAC95AB005FCCDB /* QTableViewHelper.swift */,
				345C11F52DAC95AB005FCCDB /* QuicklyAlertController.swift */,
				345C11F62DAC95AB005FCCDB /* QuicklyAppFrame.swift */,
				345C11F72DAC95AB005FCCDB /* QuicklyArray.swift */,
				345C11F82DAC95AB005FCCDB /* QuicklyAuthorization.swift */,
				345C11F92DAC95AB005FCCDB /* QuicklyButton.swift */,
				345C11FA2DAC95AB005FCCDB /* QuicklyCALayer.swift */,
				345C11FB2DAC95AB005FCCDB /* QuicklyCollectionView.swift */,
				345C11FC2DAC95AB005FCCDB /* QuicklyColor.swift */,
				345C11FD2DAC95AB005FCCDB /* QuicklyConstant.swift */,
				345C11FE2DAC95AB005FCCDB /* QuicklyDate.swift */,
				345C11FF2DAC95AB005FCCDB /* QuicklyFile.swift */,
				345C12002DAC95AB005FCCDB /* QuicklyFileBrowser.swift */,
				345C12012DAC95AB005FCCDB /* QuicklyHelper.swift */,
				345C12022DAC95AB005FCCDB /* QuicklyImage.swift */,
				345C12032DAC95AB005FCCDB /* QuicklyImageView.swift */,
				345C12042DAC95AB005FCCDB /* QuicklyLabel.swift */,
				345C12052DAC95AB005FCCDB /* QuicklyLocationManager.swift */,
				345C12062DAC95AB005FCCDB /* QuicklyNotification.swift */,
				345C12072DAC95AB005FCCDB /* QuicklyNSAttributedString.swift */,
				345C12082DAC95AB005FCCDB /* QuicklyNumber.swift */,
				345C12092DAC95AB005FCCDB /* QuicklyObject.swift */,
				345C120A2DAC95AB005FCCDB /* QuicklyPHAsset.swift */,
				345C120B2DAC95AB005FCCDB /* QuicklyPopmenu.swift */,
				345C120C2DAC95AB005FCCDB /* QuicklyScrollView.swift */,
				345C120D2DAC95AB005FCCDB /* QuicklyStackView.swift */,
				345C120E2DAC95AB005FCCDB /* QuicklyString.swift */,
				345C120F2DAC95AB005FCCDB /* QuicklySwift.swift */,
				345C12102DAC95AB005FCCDB /* QuicklyTableView.swift */,
				345C12112DAC95AB005FCCDB /* QuicklyTextField.swift */,
				345C12122DAC95AB005FCCDB /* QuicklyTextView.swift */,
				345C12132DAC95AB005FCCDB /* QuicklyTimer.swift */,
				345C12142DAC95AB005FCCDB /* QuicklyUIControl.swift */,
				345C12152DAC95AB005FCCDB /* QuicklyView.swift */,
				345C12162DAC95AB005FCCDB /* QuicklyViewAnimation.swift */,
				345C12172DAC95AB005FCCDB /* QuicklyViewController.swift */,
				345C12182DAC95AB005FCCDB /* QuicklyViewControllerAnimation.swift */,
			);
			path = Classes;
			sourceTree = "<group>";
		};
		345C121A2DAC95AB005FCCDB /* QuicklySwift */ = {
			isa = PBXGroup;
			children = (
				345C12192DAC95AB005FCCDB /* Classes */,
			);
			path = QuicklySwift;
			sourceTree = "<group>";
		};
		349A11FE2EF8E79A0000402E /* User */ = {
			isa = PBXGroup;
			children = (
				349A11FF2EF8E7B50000402E /* SLUser.h */,
				349A12002EF8E7B50000402E /* SLUser.m */,
				349A12022EF8E7FA0000402E /* SLUserEntity.h */,
				349A12032EF8E7FA0000402E /* SLUserEntity.m */,
			);
			path = User;
			sourceTree = "<group>";
		};
		349A12052EF8E8510000402E /* Views */ = {
			isa = PBXGroup;
			children = (
				349A12062EF8E88B0000402E /* SLHomeTagView.h */,
				349A12072EF8E88B0000402E /* SLHomeTagView.m */,
			);
			path = Views;
			sourceTree = "<group>";
		};
		349A120C2EF8EA540000402E /* ViewModel */ = {
			isa = PBXGroup;
			children = (
				349A120D2EF8EA6A0000402E /* SLHomePageViewModel.h */,
				349A120E2EF8EA6A0000402E /* SLHomePageViewModel.m */,
			);
			path = ViewModel;
			sourceTree = "<group>";
		};
		34A071052D72D999006BC583 /* ThirdParty */ = {
			isa = PBXGroup;
			children = (
				34D2E9AB2D393B1E0067CC05 /* RichTextView */,
			);
			path = ThirdParty;
			sourceTree = "<group>";
		};
		34A071192D732F9E006BC583 /* Alert */ = {
			isa = PBXGroup;
			children = (
				3486060A2DD9B96A00040009 /* SLAddLinkViewController.h */,
				3486060B2DD9B96A00040009 /* SLAddLinkViewController.m */,
				345C18A72DADEF36005FCCDB /* SLCustomAlertView.h */,
				345C18A82DADEF36005FCCDB /* SLCustomAlertView.m */,
				34A0711A2D732FBC006BC583 /* SLAlertManager.h */,
				34A0711B2D732FBC006BC583 /* SLAlertManager.m */,
			);
			path = Alert;
			sourceTree = "<group>";
		};
		34D2E9AB2D393B1E0067CC05 /* RichTextView */ = {
			isa = PBXGroup;
			children = (
				345C121A2DAC95AB005FCCDB /* QuicklySwift */,
				34D2EBBF2D3942880067CC05 /* RZRichTextView */,
				34D2EB982D3941DE0067CC05 /* TZImagePickerController */,
			);
			path = RichTextView;
			sourceTree = "<group>";
		};
		34D2EB732D3941DE0067CC05 /* Location */ = {
			isa = PBXGroup;
			children = (
				34D2EB712D3941DE0067CC05 /* TZLocationManager.h */,
				34D2EB722D3941DE0067CC05 /* TZLocationManager.m */,
			);
			path = Location;
			sourceTree = "<group>";
		};
		34D2EB972D3941DE0067CC05 /* TZImagePickerController */ = {
			isa = PBXGroup;
			children = (
				34D2EB742D3941DE0067CC05 /* NSBundle+TZImagePicker.h */,
				34D2EB752D3941DE0067CC05 /* NSBundle+TZImagePicker.m */,
				34D2EB762D3941DE0067CC05 /* TZAssetCell.h */,
				34D2EB772D3941DE0067CC05 /* TZAssetCell.m */,
				34D2EB782D3941DE0067CC05 /* TZAssetModel.h */,
				34D2EB792D3941DE0067CC05 /* TZAssetModel.m */,
				34D2EB7A2D3941DE0067CC05 /* TZAuthLimitedFooterTipView.h */,
				34D2EB7B2D3941DE0067CC05 /* TZAuthLimitedFooterTipView.m */,
				34D2EB7C2D3941DE0067CC05 /* TZGifPhotoPreviewController.h */,
				34D2EB7D2D3941DE0067CC05 /* TZGifPhotoPreviewController.m */,
				34D2EB7E2D3941DE0067CC05 /* TZImageCropManager.h */,
				34D2EB7F2D3941DE0067CC05 /* TZImageCropManager.m */,
				34D2EB802D3941DE0067CC05 /* TZImageManager.h */,
				34D2EB812D3941DE0067CC05 /* TZImageManager.m */,
				34D2EB822D3941DE0067CC05 /* TZImagePickerController.h */,
				34D2EB832D3941DE0067CC05 /* TZImagePickerController.bundle */,
				34D2EB842D3941DE0067CC05 /* TZImagePickerController.m */,
				34D2EB852D3941DE0067CC05 /* TZImageRequestOperation.h */,
				34D2EB862D3941DE0067CC05 /* TZImageRequestOperation.m */,
				34D2EB872D3941DE0067CC05 /* TZPhotoPickerController.h */,
				34D2EB882D3941DE0067CC05 /* TZPhotoPickerController.m */,
				34D2EB892D3941DE0067CC05 /* TZPhotoPreviewCell.h */,
				34D2EB8A2D3941DE0067CC05 /* TZPhotoPreviewCell.m */,
				34D2EB8B2D3941DE0067CC05 /* TZPhotoPreviewController.h */,
				34D2EB8C2D3941DE0067CC05 /* TZPhotoPreviewController.m */,
				34D2EB8D2D3941DE0067CC05 /* TZProgressView.h */,
				34D2EB8E2D3941DE0067CC05 /* TZProgressView.m */,
				34D2EB8F2D3941DE0067CC05 /* TZVideoCropController.h */,
				34D2EB902D3941DE0067CC05 /* TZVideoCropController.m */,
				34D2EB912D3941DE0067CC05 /* TZVideoEditedPreviewController.h */,
				34D2EB922D3941DE0067CC05 /* TZVideoEditedPreviewController.m */,
				34D2EB932D3941DE0067CC05 /* TZVideoPlayerController.h */,
				34D2EB942D3941DE0067CC05 /* TZVideoPlayerController.m */,
				34D2EB952D3941DE0067CC05 /* UIView+TZLayout.h */,
				34D2EB962D3941DE0067CC05 /* UIView+TZLayout.m */,
			);
			path = TZImagePickerController;
			sourceTree = "<group>";
		};
		34D2EB982D3941DE0067CC05 /* TZImagePickerController */ = {
			isa = PBXGroup;
			children = (
				34D2EB732D3941DE0067CC05 /* Location */,
				34D2EB972D3941DE0067CC05 /* TZImagePickerController */,
			);
			path = TZImagePickerController;
			sourceTree = "<group>";
		};
		34D2EBAD2D3942880067CC05 /* Assets */ = {
			isa = PBXGroup;
			children = (
				34D2EBAC2D3942880067CC05 /* RZRichTextView.bundle */,
			);
			path = Assets;
			sourceTree = "<group>";
		};
		34D2EBBE2D3942880067CC05 /* Classes */ = {
			isa = PBXGroup;
			children = (
				34D2EBAE2D3942880067CC05 /* AttributedStringRich.swift */,
				34D2EBAF2D3942880067CC05 /* LabelRZRich.swift */,
				34D2EBB02D3942880067CC05 /* RZAttachmentInfo.swift */,
				34D2EBB12D3942880067CC05 /* RZAttachmentInfoLayerView.swift */,
				34D2EBB22D3942880067CC05 /* RZCss.swift */,
				34D2EBB32D3942880067CC05 /* RZHtml.swift */,
				34D2EBB42D3942880067CC05 /* RZInputAccessoryItem.swift */,
				34D2EBB52D3942880067CC05 /* RZInputAccessoryView.swift */,
				34D2EBB62D3942880067CC05 /* RZLinkInputViewController.swift */,
				34D2EBB72D3942880067CC05 /* RZRichFontStyleView.swift */,
				34D2EBB82D3942880067CC05 /* RZRichParagraphStyleView.swift */,
				34D2EBB92D3942880067CC05 /* RZRichTableStyleView.swift */,
				34D2EBBA2D3942880067CC05 /* RZRichTextBase.swift */,
				34D2EBBB2D3942880067CC05 /* RZRichTextView.swift */,
				34D2EBBC2D3942880067CC05 /* RZRichTextViewConfigure.swift */,
				34D2EBBD2D3942880067CC05 /* RZRichTextViewModel.swift */,
			);
			path = Classes;
			sourceTree = "<group>";
		};
		34D2EBBF2D3942880067CC05 /* RZRichTextView */ = {
			isa = PBXGroup;
			children = (
				34D2EBD72D394A8B0067CC05 /* HowToUseDemo.swift */,
				34D2EBAD2D3942880067CC05 /* Assets */,
				34D2EBBE2D3942880067CC05 /* Classes */,
				34D2EBDB2D394C760067CC05 /* digg-Bridging-Header.h */,
			);
			path = RZRichTextView;
			sourceTree = "<group>";
		};
		34D2EBD12D3943000067CC05 /* Record */ = {
			isa = PBXGroup;
			children = (
				34D2EBD42D3943660067CC05 /* SLRecordViewController.h */,
				34D2EBD52D3943660067CC05 /* SLRecordViewController.m */,
				34D2EBDC2D3A01410067CC05 /* SLRecordViewModel.h */,
				34D2EBDD2D3A01410067CC05 /* SLRecordViewModel.m */,
			);
			path = Record;
			sourceTree = "<group>";
		};
		640F3E5572CD9D019BCD7399 /* Frameworks */ = {
			isa = PBXGroup;
			children = (
				E7EB1C6C2CFC704500A74D43 /* libc++.tbd */,
				E7EB1C6A2CFC703A00A74D43 /* libz.tbd */,
				E7EB1C682CFC702B00A74D43 /* Security.framework */,
				E7EB1C662CFC702500A74D43 /* SystemConfiguration.framework */,
				E828F1163A81AA53E358E2FB /* libPods-digg.a */,
			);
			name = Frameworks;
			sourceTree = "<group>";
		};
		E76A45B62CB8C064008B2746 /* Views */ = {
			isa = PBXGroup;
			children = (
				E76A45EC2CBFB9B1008B2746 /* EmptyView */,
				E76A45C42CB93816008B2746 /* CaocaoRefresh */,
				E76A45B72CB8C06F008B2746 /* CaocaoButton.h */,
				E76A45B82CB8C06F008B2746 /* CaocaoButton.m */,
			);
			path = Views;
			sourceTree = "<group>";
		};
		E76A45BD2CB8C090008B2746 /* Categories */ = {
			isa = PBXGroup;
			children = (
				348628F52DB3CCB600CB341C /* UIView+SLToast.h */,
				348628F62DB3CCB600CB341C /* UIView+SLToast.m */,
				348628F22DB358AA00CB341C /* NSObject+SLEmpty.h */,
				348628F32DB358AA00CB341C /* NSObject+SLEmpty.m */,
				345C11DF2DABD7BF005FCCDB /* UIFont+PingFang.h */,
				345C11E02DABD7BF005FCCDB /* UIFont+PingFang.m */,
				345C0AA02DAA287B005FCCDB /* UIView+Associated.h */,
				345C0AA12DAA287B005FCCDB /* UIView+Associated.m */,
				E76A45BA2CB8C08D008B2746 /* UIView+CommonKit.h */,
				E76A45BB2CB8C08D008B2746 /* UIView+CommonKit.m */,
				E7A3B6E72CC0AB6F00BB7304 /* UIImage+CommonKit.h */,
				E7A3B6E82CC0AB6F00BB7304 /* UIImage+CommonKit.m */,
				E7C4056F2CC0B325004D90CD /* NSString+UXing.h */,
				E7C405702CC0B325004D90CD /* NSString+UXing.m */,
			);
			path = Categories;
			sourceTree = "<group>";
		};
		E76A45C42CB93816008B2746 /* CaocaoRefresh */ = {
			isa = PBXGroup;
			children = (
				E76A45C52CB93827008B2746 /* CaocaoRefresh.h */,
				E76A45C62CB93827008B2746 /* CaocaoRefreshCircleView.h */,
				E76A45C72CB93827008B2746 /* CaocaoRefreshCircleView.m */,
				E76A45C82CB93827008B2746 /* CaocaoRefreshFooter.h */,
				E76A45C92CB93827008B2746 /* CaocaoRefreshFooter.m */,
				E76A45CA2CB93827008B2746 /* CaocaoRefreshHeader.h */,
				E76A45CB2CB93827008B2746 /* CaocaoRefreshHeader.m */,
			);
			path = CaocaoRefresh;
			sourceTree = "<group>";
		};
		E76A45E52CBFB981008B2746 /* ViewControllers */ = {
			isa = PBXGroup;
			children = (
				E76A45E62CBFB994008B2746 /* CaocaoRootViewController.h */,
				E76A45E72CBFB994008B2746 /* CaocaoRootViewController.m */,
				3486EBC02D1D3C2700A55258 /* SLNavigationController.h */,
				3486EBC12D1D3C2700A55258 /* SLNavigationController.m */,
			);
			path = ViewControllers;
			sourceTree = "<group>";
		};
		E76A45EC2CBFB9B1008B2746 /* EmptyView */ = {
			isa = PBXGroup;
			children = (
				E76A45E92CBFB9AB008B2746 /* CaocaoLoadDataDefaultView.h */,
				E76A45EA2CBFB9AB008B2746 /* CaocaoLoadDataDefaultView.m */,
			);
			path = EmptyView;
			sourceTree = "<group>";
		};
		E7769E4D2CA2E63A00AE84F4 = {
			isa = PBXGroup;
			children = (
				E7769E582CA2E63A00AE84F4 /* digg */,
				E7769E742CA2E63C00AE84F4 /* diggTests */,
				E7769E7E2CA2E63C00AE84F4 /* diggUITests */,
				E7769E572CA2E63A00AE84F4 /* Products */,
				E940AF816657010C96155F52 /* Pods */,
				640F3E5572CD9D019BCD7399 /* Frameworks */,
			);
			sourceTree = "<group>";
		};
		E7769E572CA2E63A00AE84F4 /* Products */ = {
			isa = PBXGroup;
			children = (
				E7769E562CA2E63A00AE84F4 /* digg.app */,
			);
			name = Products;
			sourceTree = "<group>";
		};
		E7769E582CA2E63A00AE84F4 /* digg */ = {
			isa = PBXGroup;
			children = (
				349A11FE2EF8E79A0000402E /* User */,
				34A071052D72D999006BC583 /* ThirdParty */,
				34D2EBD12D3943000067CC05 /* Record */,
				E7769EBD2CB798E700AE84F4 /* Common */,
				E7769E592CA2E63A00AE84F4 /* AppDelegate.h */,
				E7769E5A2CA2E63A00AE84F4 /* AppDelegate.m */,
				E7769EA42CB181A800AE84F4 /* SLTabbarController.h */,
				E7769EA52CB181A800AE84F4 /* SLTabbarController.m */,
				E7769E982CA4F9AA00AE84F4 /* Home */,
				E7769E652CA2E63B00AE84F4 /* Assets.xcassets */,
				E7769E672CA2E63B00AE84F4 /* LaunchScreen.storyboard */,
				E7769E6A2CA2E63B00AE84F4 /* Info.plist */,
				E7769E6B2CA2E63B00AE84F4 /* main.m */,
				E7769EA72CB1A10900AE84F4 /* Main.storyboard */,
			);
			path = digg;
			sourceTree = "<group>";
		};
		E7769E742CA2E63C00AE84F4 /* diggTests */ = {
			isa = PBXGroup;
			children = (
				E7769E752CA2E63C00AE84F4 /* diggTests.m */,
			);
			path = diggTests;
			sourceTree = "<group>";
		};
		E7769E7E2CA2E63C00AE84F4 /* diggUITests */ = {
			isa = PBXGroup;
			children = (
				E7769E7F2CA2E63C00AE84F4 /* diggUITests.m */,
				E7769E812CA2E63C00AE84F4 /* diggUITestsLaunchTests.m */,
			);
			path = diggUITests;
			sourceTree = "<group>";
		};
		E7769E982CA4F9AA00AE84F4 /* Home */ = {
			isa = PBXGroup;
			children = (
				349A120C2EF8EA540000402E /* ViewModel */,
				349A12052EF8E8510000402E /* Views */,
				E7769E8E2CA2E9A000AE84F4 /* SLHomePageViewController.h */,
				E7769E8F2CA2E9A000AE84F4 /* SLHomePageViewController.m */,
				E7C137E12CF31F2A00C5053A /* SLHomeWebViewController.h */,
				E7C137E22CF31F2A00C5053A /* SLHomeWebViewController.m */,
			);
			name = Home;
			sourceTree = "<group>";
		};
		E7769EBD2CB798E700AE84F4 /* Common */ = {
			isa = PBXGroup;
			children = (
				34A951502DB121B500579CC6 /* SLCommentInputViewController.h */,
				34A951512DB121B500579CC6 /* SLCommentInputViewController.m */,
				34A071192D732F9E006BC583 /* Alert */,
				E7769EA22CA503C300AE84F4 /* SLGeneralMacro.h */,
				E7C137E42CF3239700C5053A /* EnvConfigHeader.h */,
				344242752D55FDF30081B948 /* ColorManager */,
				E76A45E52CBFB981008B2746 /* ViewControllers */,
				E76A45BD2CB8C090008B2746 /* Categories */,
				E76A45B62CB8C064008B2746 /* Views */,
				E7769EBE2CB798F800AE84F4 /* SLWebViewController.h */,
				E7769EBF2CB798F800AE84F4 /* SLWebViewController.m */,
			);
			path = Common;
			sourceTree = "<group>";
		};
		E940AF816657010C96155F52 /* Pods */ = {
			isa = PBXGroup;
			children = (
				44262EF495A884D327C8F69E /* Pods-digg.debug.xcconfig */,
				C0C36A29D1E20E9D246DAEB5 /* Pods-digg.release.xcconfig */,
			);
			path = Pods;
			sourceTree = "<group>";
		};
/* End PBXGroup section */

/* Begin PBXNativeTarget section */
		E7769E552CA2E63A00AE84F4 /* digg */ = {
			isa = PBXNativeTarget;
			buildConfigurationList = E7769E852CA2E63C00AE84F4 /* Build configuration list for PBXNativeTarget "digg" */;
			buildPhases = (
				FB4C6FDA9B89EC2BE29759E6 /* [CP] Check Pods Manifest.lock */,
				E7769E522CA2E63A00AE84F4 /* Sources */,
				E7769E532CA2E63A00AE84F4 /* Frameworks */,
				E7769E542CA2E63A00AE84F4 /* Resources */,
				0DB0379E0EAEB43799781BBE /* [CP] Copy Pods Resources */,
			);
			buildRules = (
			);
			dependencies = (
			);
			name = digg;
			productName = digg;
			productReference = E7769E562CA2E63A00AE84F4 /* digg.app */;
			productType = "com.apple.product-type.application";
		};
/* End PBXNativeTarget section */

/* Begin PBXProject section */
		E7769E4E2CA2E63A00AE84F4 /* Project object */ = {
			isa = PBXProject;
			attributes = {
				BuildIndependentTargetsInParallel = 1;
				LastUpgradeCheck = 1540;
				TargetAttributes = {
					E7769E552CA2E63A00AE84F4 = {
						CreatedOnToolsVersion = 15.4;
						LastSwiftMigration = 1600;
					};
				};
			};
			buildConfigurationList = E7769E512CA2E63A00AE84F4 /* Build configuration list for PBXProject "digg" */;
			compatibilityVersion = "Xcode 14.0";
			developmentRegion = "zh-Hans";
			hasScannedForEncodings = 0;
			knownRegions = (
				en,
				Base,
				"zh-Hans",
			);
			mainGroup = E7769E4D2CA2E63A00AE84F4;
			productRefGroup = E7769E572CA2E63A00AE84F4 /* Products */;
			projectDirPath = "";
			projectRoot = "";
			targets = (
				E7769E552CA2E63A00AE84F4 /* digg */,
			);
		};
/* End PBXProject section */

/* Begin PBXResourcesBuildPhase section */
		E7769E542CA2E63A00AE84F4 /* Resources */ = {
			isa = PBXResourcesBuildPhase;
			buildActionMask = 2147483647;
			files = (
				E7769EA92CB1A10900AE84F4 /* Main.storyboard in Resources */,
				E7769E662CA2E63B00AE84F4 /* Assets.xcassets in Resources */,
				E7769E692CA2E63B00AE84F4 /* Base in Resources */,
				34D2EBC02D3942880067CC05 /* RZRichTextView.bundle in Resources */,
				34D2EB992D3941DE0067CC05 /* TZImagePickerController.bundle in Resources */,
			);
			runOnlyForDeploymentPostprocessing = 0;
		};
/* End PBXResourcesBuildPhase section */

/* Begin PBXShellScriptBuildPhase section */
		0DB0379E0EAEB43799781BBE /* [CP] Copy Pods Resources */ = {
			isa = PBXShellScriptBuildPhase;
			buildActionMask = 2147483647;
			files = (
			);
			inputFileListPaths = (
			);
			inputPaths = (
			);
			name = "[CP] Copy Pods Resources";
			outputFileListPaths = (
			);
			outputPaths = (
			);
			runOnlyForDeploymentPostprocessing = 0;
			shellPath = /bin/sh;
			shellScript = "\"${PODS_ROOT}/Target Support Files/Pods-digg/Pods-digg-resources.sh\"\n";
			showEnvVarsInLog = 0;
		};
		FB4C6FDA9B89EC2BE29759E6 /* [CP] Check Pods Manifest.lock */ = {
			isa = PBXShellScriptBuildPhase;
			buildActionMask = 2147483647;
			files = (
			);
			inputFileListPaths = (
			);
			inputPaths = (
				"${PODS_PODFILE_DIR_PATH}/Podfile.lock",
				"${PODS_ROOT}/Manifest.lock",
			);
			name = "[CP] Check Pods Manifest.lock";
			outputFileListPaths = (
			);
			outputPaths = (
				"$(DERIVED_FILE_DIR)/Pods-digg-checkManifestLockResult.txt",
			);
			runOnlyForDeploymentPostprocessing = 0;
			shellPath = /bin/sh;
			shellScript = "diff \"${PODS_PODFILE_DIR_PATH}/Podfile.lock\" \"${PODS_ROOT}/Manifest.lock\" > /dev/null\nif [ $? != 0 ] ; then\n    # print error to STDERR\n    echo \"error: The sandbox is not in sync with the Podfile.lock. Run 'pod install' or update your CocoaPods installation.\" >&2\n    exit 1\nfi\n# This output is used by Xcode 'outputs' to avoid re-running this script phase.\necho \"SUCCESS\" > \"${SCRIPT_OUTPUT_FILE_0}\"\n";
			showEnvVarsInLog = 0;
		};
/* End PBXShellScriptBuildPhase section */

/* Begin PBXSourcesBuildPhase section */
		E7769E522CA2E63A00AE84F4 /* Sources */ = {
			isa = PBXSourcesBuildPhase;
			buildActionMask = 2147483647;
			files = (
				E7C405712CC0B325004D90CD /* NSString+UXing.m in Sources */,
				E7769E902CA2E9A000AE84F4 /* SLHomePageViewController.m in Sources */,
				E76A45CC2CB93827008B2746 /* CaocaoRefreshCircleView.m in Sources */,
				E76A45CD2CB93827008B2746 /* CaocaoRefreshFooter.m in Sources */,
				E76A45CE2CB93827008B2746 /* CaocaoRefreshHeader.m in Sources */,
				E7769EA62CB181A800AE84F4 /* SLTabbarController.m in Sources */,
				34D2EBC12D3942880067CC05 /* RZRichTextBase.swift in Sources */,
				34D2EBC22D3942880067CC05 /* AttributedStringRich.swift in Sources */,
				34D2EBC32D3942880067CC05 /* RZRichTextViewModel.swift in Sources */,
				34D2EBC42D3942880067CC05 /* RZLinkInputViewController.swift in Sources */,
				34D2EBC52D3942880067CC05 /* RZInputAccessoryItem.swift in Sources */,
				34D2EBC62D3942880067CC05 /* RZAttachmentInfo.swift in Sources */,
				34D2EBC72D3942880067CC05 /* RZInputAccessoryView.swift in Sources */,
				34D2EBC82D3942880067CC05 /* RZCss.swift in Sources */,
				348628F72DB3CCB600CB341C /* UIView+SLToast.m in Sources */,
				345C121B2DAC95AB005FCCDB /* QAlertViewController.swift in Sources */,
				345C121C2DAC95AB005FCCDB /* QTableViewHelper.swift in Sources */,
				345C121D2DAC95AB005FCCDB /* QuicklyCollectionView.swift in Sources */,
				345C121E2DAC95AB005FCCDB /* QuicklyLocationManager.swift in Sources */,
				345C121F2DAC95AB005FCCDB /* QuicklyConstant.swift in Sources */,
				349A12042EF8E7FA0000402E /* SLUserEntity.m in Sources */,
				345C12202DAC95AB005FCCDB /* QuicklyFileBrowser.swift in Sources */,
				345C12212DAC95AB005FCCDB /* QuicklyPHAsset.swift in Sources */,
				345C12222DAC95AB005FCCDB /* QuicklyView.swift in Sources */,
				3486060C2DD9B96A00040009 /* SLAddLinkViewController.m in Sources */,
				345C12232DAC95AB005FCCDB /* QuicklyHelper.swift in Sources */,
				345C12242DAC95AB005FCCDB /* QDatePicker.swift in Sources */,
				345C12252DAC95AB005FCCDB /* QPublish.swift in Sources */,
				345C12262DAC95AB005FCCDB /* QGestureRecognizer.swift in Sources */,
				345C12272DAC95AB005FCCDB /* QuicklyUIControl.swift in Sources */,
				345C12282DAC95AB005FCCDB /* QuicklyNumber.swift in Sources */,
				345C12292DAC95AB005FCCDB /* QuicklyScrollView.swift in Sources */,
				345C122A2DAC95AB005FCCDB /* QuicklyDate.swift in Sources */,
				345C122B2DAC95AB005FCCDB /* QuicklyTextView.swift in Sources */,
				345C122C2DAC95AB005FCCDB /* QuicklyViewController.swift in Sources */,
				345C122D2DAC95AB005FCCDB /* QuicklyImage.swift in Sources */,
				345C122E2DAC95AB005FCCDB /* QuicklyAlertController.swift in Sources */,
				345C122F2DAC95AB005FCCDB /* QGrayFloatManager.swift in Sources */,
				345C12302DAC95AB005FCCDB /* QuicklyAppFrame.swift in Sources */,
				345C12312DAC95AB005FCCDB /* QuicklyObject.swift in Sources */,
				345C12322DAC95AB005FCCDB /* QuicklyStackView.swift in Sources */,
				345C12332DAC95AB005FCCDB /* QuicklyCALayer.swift in Sources */,
				345C12342DAC95AB005FCCDB /* QCollectionViewHelper.swift in Sources */,
				345C12352DAC95AB005FCCDB /* QuicklyNotification.swift in Sources */,
				345C12362DAC95AB005FCCDB /* QPlayer.swift in Sources */,
				345C12372DAC95AB005FCCDB /* QuicklyLabel.swift in Sources */,
				348628F42DB358AB00CB341C /* NSObject+SLEmpty.m in Sources */,
				345C12382DAC95AB005FCCDB /* QuicklyViewControllerAnimation.swift in Sources */,
				345C12392DAC95AB005FCCDB /* QuicklyArray.swift in Sources */,
				349A120F2EF8EA6A0000402E /* SLHomePageViewModel.m in Sources */,
				345C123A2DAC95AB005FCCDB /* QDispatch.swift in Sources */,
				345C123B2DAC95AB005FCCDB /* QuicklyAuthorization.swift in Sources */,
				345C123C2DAC95AB005FCCDB /* QuicklyButton.swift in Sources */,
				345C123D2DAC95AB005FCCDB /* QuicklyString.swift in Sources */,
				345C123E2DAC95AB005FCCDB /* QSwitch.swift in Sources */,
				345C123F2DAC95AB005FCCDB /* QuicklyTimer.swift in Sources */,
				345C12402DAC95AB005FCCDB /* QActionSheetController.swift in Sources */,
				345C12412DAC95AB005FCCDB /* QuicklyFile.swift in Sources */,
				345C12422DAC95AB005FCCDB /* QuicklyColor.swift in Sources */,
				345C12432DAC95AB005FCCDB /* QuicklyPopmenu.swift in Sources */,
				345C12442DAC95AB005FCCDB /* QuicklyNSAttributedString.swift in Sources */,
				345C12452DAC95AB005FCCDB /* QuicklyTextField.swift in Sources */,
				345C12462DAC95AB005FCCDB /* QuicklyImageView.swift in Sources */,
				349A12012EF8E7B50000402E /* SLUser.m in Sources */,
				345C12472DAC95AB005FCCDB /* QuicklyTableView.swift in Sources */,
				345C12482DAC95AB005FCCDB /* QSlider.swift in Sources */,
				345C12492DAC95AB005FCCDB /* QuicklySwift.swift in Sources */,
				345C124A2DAC95AB005FCCDB /* QuicklyViewAnimation.swift in Sources */,
				34A0711C2D732FBC006BC583 /* SLAlertManager.m in Sources */,
				34D2EBC92D3942880067CC05 /* RZRichTextViewConfigure.swift in Sources */,
				34D2EBCA2D3942880067CC05 /* RZRichTextView.swift in Sources */,
				34D2EBCB2D3942880067CC05 /* RZRichTableStyleView.swift in Sources */,
				34D2EBCC2D3942880067CC05 /* RZAttachmentInfoLayerView.swift in Sources */,
				34D2EBCD2D3942880067CC05 /* RZRichParagraphStyleView.swift in Sources */,
				34D2EBCE2D3942880067CC05 /* LabelRZRich.swift in Sources */,
				34D2EBCF2D3942880067CC05 /* RZRichFontStyleView.swift in Sources */,
				34D2EBD02D3942880067CC05 /* RZHtml.swift in Sources */,
				E7A3B6E92CC0AB6F00BB7304 /* UIImage+CommonKit.m in Sources */,
				34D2EB9A2D3941DE0067CC05 /* TZImageManager.m in Sources */,
				349A12082EF8E88B0000402E /* SLHomeTagView.m in Sources */,
				34D2EB9B2D3941DE0067CC05 /* TZAssetCell.m in Sources */,
				34D2EB9C2D3941DE0067CC05 /* TZVideoCropController.m in Sources */,
				34D2EB9D2D3941DE0067CC05 /* TZPhotoPickerController.m in Sources */,
				34D2EB9E2D3941DE0067CC05 /* TZAuthLimitedFooterTipView.m in Sources */,
				34D2EB9F2D3941DE0067CC05 /* TZImagePickerController.m in Sources */,
				34D2EBA02D3941DE0067CC05 /* UIView+TZLayout.m in Sources */,
				34D2EBA12D3941DE0067CC05 /* TZPhotoPreviewCell.m in Sources */,
				34D2EBA22D3941DE0067CC05 /* TZVideoPlayerController.m in Sources */,
				34D2EBD82D394A8B0067CC05 /* HowToUseDemo.swift in Sources */,
				34D2EBA32D3941DE0067CC05 /* TZAssetModel.m in Sources */,
				34D2EBA42D3941DE0067CC05 /* TZImageRequestOperation.m in Sources */,
				34D2EBA52D3941DE0067CC05 /* TZLocationManager.m in Sources */,
				34D2EBA62D3941DE0067CC05 /* TZVideoEditedPreviewController.m in Sources */,
				34D2EBA72D3941DE0067CC05 /* TZPhotoPreviewController.m in Sources */,
				34D2EBA82D3941DE0067CC05 /* NSBundle+TZImagePicker.m in Sources */,
				34D2EBA92D3941DE0067CC05 /* TZImageCropManager.m in Sources */,
				34D2EBAA2D3941DE0067CC05 /* TZGifPhotoPreviewController.m in Sources */,
				34D2EBAB2D3941DE0067CC05 /* TZProgressView.m in Sources */,
				E7C137E32CF31F2A00C5053A /* SLHomeWebViewController.m in Sources */,
				345C0AA22DAA287B005FCCDB /* UIView+Associated.m in Sources */,
				E76A45EB2CBFB9AB008B2746 /* CaocaoLoadDataDefaultView.m in Sources */,
				E7769EC02CB798F800AE84F4 /* SLWebViewController.m in Sources */,
				34D2EBDE2D3A01410067CC05 /* SLRecordViewModel.m in Sources */,
				E76A45BC2CB8C08D008B2746 /* UIView+CommonKit.m in Sources */,
				E76A45B92CB8C06F008B2746 /* CaocaoButton.m in Sources */,
				E76A45E82CBFB994008B2746 /* CaocaoRootViewController.m in Sources */,
				3486EBC22D1D3C2700A55258 /* SLNavigationController.m in Sources */,
				E7769E5B2CA2E63A00AE84F4 /* AppDelegate.m in Sources */,
				34A951522DB121B500579CC6 /* SLCommentInputViewController.m in Sources */,
				344242782D55FE190081B948 /* SLColorManager.m in Sources */,
				345C11E12DABD7BF005FCCDB /* UIFont+PingFang.m in Sources */,
				345C18A92DADEF36005FCCDB /* SLCustomAlertView.m in Sources */,
				34D2EBD62D3943660067CC05 /* SLRecordViewController.m in Sources */,
				E7769E6C2CA2E63B00AE84F4 /* main.m in Sources */,
			);
			runOnlyForDeploymentPostprocessing = 0;
		};
/* End PBXSourcesBuildPhase section */

/* Begin PBXVariantGroup section */
		E7769E672CA2E63B00AE84F4 /* LaunchScreen.storyboard */ = {
			isa = PBXVariantGroup;
			children = (
				E7769E682CA2E63B00AE84F4 /* Base */,
				348685702DBE0DDA00CB341C /* zh-Hans */,
			);
			name = LaunchScreen.storyboard;
			sourceTree = "<group>";
		};
		E7769EA72CB1A10900AE84F4 /* Main.storyboard */ = {
			isa = PBXVariantGroup;
			children = (
				E7769EA82CB1A10900AE84F4 /* Base */,
				348685712DBE0DDB00CB341C /* zh-Hans */,
			);
			name = Main.storyboard;
			sourceTree = "<group>";
		};
/* End PBXVariantGroup section */

/* Begin XCBuildConfiguration section */
		E7769E832CA2E63C00AE84F4 /* Debug */ = {
			isa = XCBuildConfiguration;
			buildSettings = {
				ALWAYS_SEARCH_USER_PATHS = NO;
				ASSETCATALOG_COMPILER_GENERATE_SWIFT_ASSET_SYMBOL_EXTENSIONS = YES;
				CLANG_ANALYZER_LOCALIZABILITY_NONLOCALIZED = YES;
				CLANG_ANALYZER_NONNULL = YES;
				CLANG_ANALYZER_NUMBER_OBJECT_CONVERSION = YES_AGGRESSIVE;
				CLANG_CXX_LANGUAGE_STANDARD = "gnu++20";
				CLANG_ENABLE_MODULES = YES;
				CLANG_ENABLE_OBJC_ARC = YES;
				CLANG_ENABLE_OBJC_WEAK = YES;
				CLANG_WARN_BLOCK_CAPTURE_AUTORELEASING = YES;
				CLANG_WARN_BOOL_CONVERSION = YES;
				CLANG_WARN_COMMA = YES;
				CLANG_WARN_CONSTANT_CONVERSION = YES;
				CLANG_WARN_DEPRECATED_OBJC_IMPLEMENTATIONS = YES;
				CLANG_WARN_DIRECT_OBJC_ISA_USAGE = YES_ERROR;
				CLANG_WARN_DOCUMENTATION_COMMENTS = YES;
				CLANG_WARN_EMPTY_BODY = YES;
				CLANG_WARN_ENUM_CONVERSION = YES;
				CLANG_WARN_INFINITE_RECURSION = YES;
				CLANG_WARN_INT_CONVERSION = YES;
				CLANG_WARN_NON_LITERAL_NULL_CONVERSION = YES;
				CLANG_WARN_OBJC_IMPLICIT_RETAIN_SELF = YES;
				CLANG_WARN_OBJC_LITERAL_CONVERSION = YES;
				CLANG_WARN_OBJC_ROOT_CLASS = YES_ERROR;
				CLANG_WARN_QUOTED_INCLUDE_IN_FRAMEWORK_HEADER = YES;
				CLANG_WARN_RANGE_LOOP_ANALYSIS = YES;
				CLANG_WARN_STRICT_PROTOTYPES = YES;
				CLANG_WARN_SUSPICIOUS_MOVE = YES;
				CLANG_WARN_UNGUARDED_AVAILABILITY = YES_AGGRESSIVE;
				CLANG_WARN_UNREACHABLE_CODE = YES;
				CLANG_WARN__DUPLICATE_METHOD_MATCH = YES;
				COPY_PHASE_STRIP = NO;
				DEBUG_INFORMATION_FORMAT = dwarf;
				ENABLE_STRICT_OBJC_MSGSEND = YES;
				ENABLE_TESTABILITY = YES;
				ENABLE_USER_SCRIPT_SANDBOXING = NO;
				GCC_C_LANGUAGE_STANDARD = gnu17;
				GCC_DYNAMIC_NO_PIC = NO;
				GCC_NO_COMMON_BLOCKS = YES;
				GCC_OPTIMIZATION_LEVEL = 0;
				GCC_PREPROCESSOR_DEFINITIONS = (
					"DEBUG=1",
					"$(inherited)",
				);
				GCC_WARN_64_TO_32_BIT_CONVERSION = YES;
				GCC_WARN_ABOUT_RETURN_TYPE = YES_ERROR;
				GCC_WARN_UNDECLARED_SELECTOR = YES;
				GCC_WARN_UNINITIALIZED_AUTOS = YES_AGGRESSIVE;
				GCC_WARN_UNUSED_FUNCTION = YES;
				GCC_WARN_UNUSED_VARIABLE = YES;
				IPHONEOS_DEPLOYMENT_TARGET = 17.5;
				LOCALIZATION_PREFERS_STRING_CATALOGS = YES;
				MTL_ENABLE_DEBUG_INFO = INCLUDE_SOURCE;
				MTL_FAST_MATH = YES;
				ONLY_ACTIVE_ARCH = YES;
				SDKROOT = iphoneos;
			};
			name = Debug;
		};
		E7769E842CA2E63C00AE84F4 /* Release */ = {
			isa = XCBuildConfiguration;
			buildSettings = {
				ALWAYS_SEARCH_USER_PATHS = NO;
				ASSETCATALOG_COMPILER_GENERATE_SWIFT_ASSET_SYMBOL_EXTENSIONS = YES;
				CLANG_ANALYZER_LOCALIZABILITY_NONLOCALIZED = YES;
				CLANG_ANALYZER_NONNULL = YES;
				CLANG_ANALYZER_NUMBER_OBJECT_CONVERSION = YES_AGGRESSIVE;
				CLANG_CXX_LANGUAGE_STANDARD = "gnu++20";
				CLANG_ENABLE_MODULES = YES;
				CLANG_ENABLE_OBJC_ARC = YES;
				CLANG_ENABLE_OBJC_WEAK = YES;
				CLANG_WARN_BLOCK_CAPTURE_AUTORELEASING = YES;
				CLANG_WARN_BOOL_CONVERSION = YES;
				CLANG_WARN_COMMA = YES;
				CLANG_WARN_CONSTANT_CONVERSION = YES;
				CLANG_WARN_DEPRECATED_OBJC_IMPLEMENTATIONS = YES;
				CLANG_WARN_DIRECT_OBJC_ISA_USAGE = YES_ERROR;
				CLANG_WARN_DOCUMENTATION_COMMENTS = YES;
				CLANG_WARN_EMPTY_BODY = YES;
				CLANG_WARN_ENUM_CONVERSION = YES;
				CLANG_WARN_INFINITE_RECURSION = YES;
				CLANG_WARN_INT_CONVERSION = YES;
				CLANG_WARN_NON_LITERAL_NULL_CONVERSION = YES;
				CLANG_WARN_OBJC_IMPLICIT_RETAIN_SELF = YES;
				CLANG_WARN_OBJC_LITERAL_CONVERSION = YES;
				CLANG_WARN_OBJC_ROOT_CLASS = YES_ERROR;
				CLANG_WARN_QUOTED_INCLUDE_IN_FRAMEWORK_HEADER = YES;
				CLANG_WARN_RANGE_LOOP_ANALYSIS = YES;
				CLANG_WARN_STRICT_PROTOTYPES = YES;
				CLANG_WARN_SUSPICIOUS_MOVE = YES;
				CLANG_WARN_UNGUARDED_AVAILABILITY = YES_AGGRESSIVE;
				CLANG_WARN_UNREACHABLE_CODE = YES;
				CLANG_WARN__DUPLICATE_METHOD_MATCH = YES;
				COPY_PHASE_STRIP = NO;
				DEBUG_INFORMATION_FORMAT = "dwarf-with-dsym";
				ENABLE_NS_ASSERTIONS = NO;
				ENABLE_STRICT_OBJC_MSGSEND = YES;
				ENABLE_USER_SCRIPT_SANDBOXING = NO;
				GCC_C_LANGUAGE_STANDARD = gnu17;
				GCC_NO_COMMON_BLOCKS = YES;
				GCC_WARN_64_TO_32_BIT_CONVERSION = YES;
				GCC_WARN_ABOUT_RETURN_TYPE = YES_ERROR;
				GCC_WARN_UNDECLARED_SELECTOR = YES;
				GCC_WARN_UNINITIALIZED_AUTOS = YES_AGGRESSIVE;
				GCC_WARN_UNUSED_FUNCTION = YES;
				GCC_WARN_UNUSED_VARIABLE = YES;
				IPHONEOS_DEPLOYMENT_TARGET = 17.5;
				LOCALIZATION_PREFERS_STRING_CATALOGS = YES;
				MTL_ENABLE_DEBUG_INFO = NO;
				MTL_FAST_MATH = YES;
				SDKROOT = iphoneos;
				VALIDATE_PRODUCT = YES;
			};
			name = Release;
		};
		E7769E862CA2E63C00AE84F4 /* Debug */ = {
			isa = XCBuildConfiguration;
			baseConfigurationReference = 44262EF495A884D327C8F69E /* Pods-digg.debug.xcconfig */;
			buildSettings = {
				ASSETCATALOG_COMPILER_APPICON_NAME = AppIcon;
				ASSETCATALOG_COMPILER_GLOBAL_ACCENT_COLOR_NAME = AccentColor;
				CLANG_ENABLE_MODULES = YES;
				CODE_SIGN_IDENTITY = "Apple Development";
				CODE_SIGN_STYLE = Automatic;
				CURRENT_PROJECT_VERSION = 1;
				DEVELOPMENT_TEAM = YZGMTHK294;
				FRAMEWORK_SEARCH_PATHS = (
					"$(inherited)",
					"$(PROJECT_DIR)/digg",
				);
				GCC_PRECOMPILE_PREFIX_HEADER = NO;
				GCC_PREFIX_HEADER = "";
				GENERATE_INFOPLIST_FILE = YES;
				INFOPLIST_FILE = digg/Info.plist;
				INFOPLIST_KEY_CFBundleDisplayName = Reed;
				INFOPLIST_KEY_NSPhotoLibraryUsageDescription = "请求上传图片";
				INFOPLIST_KEY_UIApplicationSupportsIndirectInputEvents = YES;
				INFOPLIST_KEY_UILaunchStoryboardName = LaunchScreen;
				INFOPLIST_KEY_UIMainStoryboardFile = Main;
				INFOPLIST_KEY_UISupportedInterfaceOrientations = UIInterfaceOrientationPortrait;
				INFOPLIST_KEY_UIUserInterfaceStyle = Light;
				IPHONEOS_DEPLOYMENT_TARGET = 14.0;
				LD_RUNPATH_SEARCH_PATHS = (
					"$(inherited)",
					"@executable_path/Frameworks",
				);
				MARKETING_VERSION = 1.0.0;
				PRODUCT_BUNDLE_IDENTIFIER = com.luyao.demo11;
				PRODUCT_NAME = "$(TARGET_NAME)";
				PROVISIONING_PROFILE_SPECIFIER = "";
				SUPPORTED_PLATFORMS = "iphoneos iphonesimulator";
				SUPPORTS_MACCATALYST = NO;
				SUPPORTS_MAC_DESIGNED_FOR_IPHONE_IPAD = NO;
				SUPPORTS_XR_DESIGNED_FOR_IPHONE_IPAD = NO;
				SWIFT_EMIT_LOC_STRINGS = YES;
				SWIFT_OBJC_BRIDGING_HEADER = "digg/ThirdParty/RichTextView/RZRichTextView/digg-Bridging-Header.h";
				SWIFT_OPTIMIZATION_LEVEL = "-Onone";
				SWIFT_VERSION = 5.0;
				TARGETED_DEVICE_FAMILY = 1;
			};
			name = Debug;
		};
		E7769E872CA2E63C00AE84F4 /* Release */ = {
			isa = XCBuildConfiguration;
			baseConfigurationReference = C0C36A29D1E20E9D246DAEB5 /* Pods-digg.release.xcconfig */;
			buildSettings = {
				ASSETCATALOG_COMPILER_APPICON_NAME = AppIcon;
				ASSETCATALOG_COMPILER_GLOBAL_ACCENT_COLOR_NAME = AccentColor;
				CLANG_ENABLE_MODULES = YES;
				CODE_SIGN_IDENTITY = "Apple Development";
				CODE_SIGN_STYLE = Automatic;
				CURRENT_PROJECT_VERSION = 1;
				DEVELOPMENT_TEAM = YZGMTHK294;
				FRAMEWORK_SEARCH_PATHS = (
					"$(inherited)",
					"$(PROJECT_DIR)/digg",
				);
				GCC_PRECOMPILE_PREFIX_HEADER = NO;
				GCC_PREFIX_HEADER = "";
				GENERATE_INFOPLIST_FILE = YES;
				INFOPLIST_FILE = digg/Info.plist;
				INFOPLIST_KEY_CFBundleDisplayName = Reed;
				INFOPLIST_KEY_NSPhotoLibraryUsageDescription = "请求上传图片";
				INFOPLIST_KEY_UIApplicationSupportsIndirectInputEvents = YES;
				INFOPLIST_KEY_UILaunchStoryboardName = LaunchScreen;
				INFOPLIST_KEY_UIMainStoryboardFile = Main;
				INFOPLIST_KEY_UISupportedInterfaceOrientations = UIInterfaceOrientationPortrait;
				INFOPLIST_KEY_UIUserInterfaceStyle = Light;
				IPHONEOS_DEPLOYMENT_TARGET = 14.0;
				LD_RUNPATH_SEARCH_PATHS = (
					"$(inherited)",
					"@executable_path/Frameworks",
				);
				MARKETING_VERSION = 1.0.0;
				PRODUCT_BUNDLE_IDENTIFIER = com.luyao.demo11;
				PRODUCT_NAME = "$(TARGET_NAME)";
				PROVISIONING_PROFILE_SPECIFIER = "";
				SUPPORTED_PLATFORMS = "iphoneos iphonesimulator";
				SUPPORTS_MACCATALYST = NO;
				SUPPORTS_MAC_DESIGNED_FOR_IPHONE_IPAD = NO;
				SUPPORTS_XR_DESIGNED_FOR_IPHONE_IPAD = NO;
				SWIFT_EMIT_LOC_STRINGS = YES;
				SWIFT_OBJC_BRIDGING_HEADER = "digg/ThirdParty/RichTextView/RZRichTextView/digg-Bridging-Header.h";
				SWIFT_VERSION = 5.0;
				TARGETED_DEVICE_FAMILY = 1;
			};
			name = Release;
		};
/* End XCBuildConfiguration section */

/* Begin XCConfigurationList section */
		E7769E512CA2E63A00AE84F4 /* Build configuration list for PBXProject "digg" */ = {
			isa = XCConfigurationList;
			buildConfigurations = (
				E7769E832CA2E63C00AE84F4 /* Debug */,
				E7769E842CA2E63C00AE84F4 /* Release */,
			);
			defaultConfigurationIsVisible = 0;
			defaultConfigurationName = Release;
		};
		E7769E852CA2E63C00AE84F4 /* Build configuration list for PBXNativeTarget "digg" */ = {
			isa = XCConfigurationList;
			buildConfigurations = (
				E7769E862CA2E63C00AE84F4 /* Debug */,
				E7769E872CA2E63C00AE84F4 /* Release */,
			);
			defaultConfigurationIsVisible = 0;
			defaultConfigurationName = Release;
		};
/* End XCConfigurationList section */
	};
	rootObject = E7769E4E2CA2E63A00AE84F4 /* Project object */;
}
